// !$*UTF8*$!
{
	archiveVersion = 1;
	classes = {
	};
	objectVersion = 52;
	objects = {

/* Begin PBXBuildFile section */
		411D22842614C40F00B4109B /* PauseViewController.swift in Sources */ = {isa = PBXBuildFile; fileRef = 411D22772614C40F00B4109B /* PauseViewController.swift */; };
		411D22852614C40F00B4109B /* PauseViewController.swift in Sources */ = {isa = PBXBuildFile; fileRef = 411D22772614C40F00B4109B /* PauseViewController.swift */; };
		411D22862614C40F00B4109B /* PauseViewController.swift in Sources */ = {isa = PBXBuildFile; fileRef = 411D22772614C40F00B4109B /* PauseViewController.swift */; };
		411D22872614C40F00B4109B /* Color+Extensions.swift in Sources */ = {isa = PBXBuildFile; fileRef = 411D22792614C40F00B4109B /* Color+Extensions.swift */; };
		411D22882614C40F00B4109B /* Color+Extensions.swift in Sources */ = {isa = PBXBuildFile; fileRef = 411D22792614C40F00B4109B /* Color+Extensions.swift */; };
		411D22892614C40F00B4109B /* Color+Extensions.swift in Sources */ = {isa = PBXBuildFile; fileRef = 411D22792614C40F00B4109B /* Color+Extensions.swift */; };
		411D228A2614C40F00B4109B /* LevelThumbView.swift in Sources */ = {isa = PBXBuildFile; fileRef = 411D227B2614C40F00B4109B /* LevelThumbView.swift */; };
		411D228B2614C40F00B4109B /* LevelThumbView.swift in Sources */ = {isa = PBXBuildFile; fileRef = 411D227B2614C40F00B4109B /* LevelThumbView.swift */; };
		411D228C2614C40F00B4109B /* LevelThumbView.swift in Sources */ = {isa = PBXBuildFile; fileRef = 411D227B2614C40F00B4109B /* LevelThumbView.swift */; };
		411D228D2614C40F00B4109B /* OverlayView.swift in Sources */ = {isa = PBXBuildFile; fileRef = 411D227C2614C40F00B4109B /* OverlayView.swift */; };
		411D228E2614C40F00B4109B /* OverlayView.swift in Sources */ = {isa = PBXBuildFile; fileRef = 411D227C2614C40F00B4109B /* OverlayView.swift */; };
		411D228F2614C40F00B4109B /* OverlayView.swift in Sources */ = {isa = PBXBuildFile; fileRef = 411D227C2614C40F00B4109B /* OverlayView.swift */; };
		411D22902614C40F00B4109B /* CheckmarkSelectedView.swift in Sources */ = {isa = PBXBuildFile; fileRef = 411D227D2614C40F00B4109B /* CheckmarkSelectedView.swift */; };
		411D22912614C40F00B4109B /* CheckmarkSelectedView.swift in Sources */ = {isa = PBXBuildFile; fileRef = 411D227D2614C40F00B4109B /* CheckmarkSelectedView.swift */; };
		411D22922614C40F00B4109B /* CheckmarkSelectedView.swift in Sources */ = {isa = PBXBuildFile; fileRef = 411D227D2614C40F00B4109B /* CheckmarkSelectedView.swift */; };
		411D22932614C40F00B4109B /* PopoverActionButtonContentView.swift in Sources */ = {isa = PBXBuildFile; fileRef = 411D227E2614C40F00B4109B /* PopoverActionButtonContentView.swift */; };
		411D22942614C40F00B4109B /* PopoverActionButtonContentView.swift in Sources */ = {isa = PBXBuildFile; fileRef = 411D227E2614C40F00B4109B /* PopoverActionButtonContentView.swift */; };
		411D22952614C40F00B4109B /* PopoverActionButtonContentView.swift in Sources */ = {isa = PBXBuildFile; fileRef = 411D227E2614C40F00B4109B /* PopoverActionButtonContentView.swift */; };
		411D22962614C40F00B4109B /* BackButtonContentView.swift in Sources */ = {isa = PBXBuildFile; fileRef = 411D227F2614C40F00B4109B /* BackButtonContentView.swift */; };
		411D22972614C40F00B4109B /* BackButtonContentView.swift in Sources */ = {isa = PBXBuildFile; fileRef = 411D227F2614C40F00B4109B /* BackButtonContentView.swift */; };
		411D22982614C40F00B4109B /* BackButtonContentView.swift in Sources */ = {isa = PBXBuildFile; fileRef = 411D227F2614C40F00B4109B /* BackButtonContentView.swift */; };
		411D22992614C40F00B4109B /* SelectionButtonContentView.swift in Sources */ = {isa = PBXBuildFile; fileRef = 411D22802614C40F00B4109B /* SelectionButtonContentView.swift */; };
		411D229A2614C40F00B4109B /* SelectionButtonContentView.swift in Sources */ = {isa = PBXBuildFile; fileRef = 411D22802614C40F00B4109B /* SelectionButtonContentView.swift */; };
		411D229B2614C40F00B4109B /* SelectionButtonContentView.swift in Sources */ = {isa = PBXBuildFile; fileRef = 411D22802614C40F00B4109B /* SelectionButtonContentView.swift */; };
		411D229C2614C40F00B4109B /* NavigationFocusAnimationView.swift in Sources */ = {isa = PBXBuildFile; fileRef = 411D22812614C40F00B4109B /* NavigationFocusAnimationView.swift */; };
		411D229D2614C40F00B4109B /* NavigationFocusAnimationView.swift in Sources */ = {isa = PBXBuildFile; fileRef = 411D22812614C40F00B4109B /* NavigationFocusAnimationView.swift */; };
		411D229E2614C40F00B4109B /* NavigationFocusAnimationView.swift in Sources */ = {isa = PBXBuildFile; fileRef = 411D22812614C40F00B4109B /* NavigationFocusAnimationView.swift */; };
		411D229F2614C40F00B4109B /* LevelSectionView.swift in Sources */ = {isa = PBXBuildFile; fileRef = 411D22822614C40F00B4109B /* LevelSectionView.swift */; };
		411D22A02614C40F00B4109B /* LevelSectionView.swift in Sources */ = {isa = PBXBuildFile; fileRef = 411D22822614C40F00B4109B /* LevelSectionView.swift */; };
		411D22A12614C40F00B4109B /* LevelSectionView.swift in Sources */ = {isa = PBXBuildFile; fileRef = 411D22822614C40F00B4109B /* LevelSectionView.swift */; };
		411D22A22614C40F00B4109B /* PageIndicatorView.swift in Sources */ = {isa = PBXBuildFile; fileRef = 411D22832614C40F00B4109B /* PageIndicatorView.swift */; };
		411D22A32614C40F00B4109B /* PageIndicatorView.swift in Sources */ = {isa = PBXBuildFile; fileRef = 411D22832614C40F00B4109B /* PageIndicatorView.swift */; };
		411D22A42614C40F00B4109B /* PageIndicatorView.swift in Sources */ = {isa = PBXBuildFile; fileRef = 411D22832614C40F00B4109B /* PageIndicatorView.swift */; };
		411D22AE2614C47600B4109B /* Label+StyledLabels.swift in Sources */ = {isa = PBXBuildFile; fileRef = 411D22AB2614C47600B4109B /* Label+StyledLabels.swift */; };
		411D22AF2614C47600B4109B /* Label+StyledLabels.swift in Sources */ = {isa = PBXBuildFile; fileRef = 411D22AB2614C47600B4109B /* Label+StyledLabels.swift */; };
		411D22B02614C47600B4109B /* Label+StyledLabels.swift in Sources */ = {isa = PBXBuildFile; fileRef = 411D22AB2614C47600B4109B /* Label+StyledLabels.swift */; };
		411D22B12614C47600B4109B /* CAAnimation+BackgroundColorAnimation.swift in Sources */ = {isa = PBXBuildFile; fileRef = 411D22AC2614C47600B4109B /* CAAnimation+BackgroundColorAnimation.swift */; };
		411D22B22614C47600B4109B /* CAAnimation+BackgroundColorAnimation.swift in Sources */ = {isa = PBXBuildFile; fileRef = 411D22AC2614C47600B4109B /* CAAnimation+BackgroundColorAnimation.swift */; };
		411D22B32614C47600B4109B /* CAAnimation+BackgroundColorAnimation.swift in Sources */ = {isa = PBXBuildFile; fileRef = 411D22AC2614C47600B4109B /* CAAnimation+BackgroundColorAnimation.swift */; };
		411D22B42614C47600B4109B /* Font+DemoFonts.swift in Sources */ = {isa = PBXBuildFile; fileRef = 411D22AD2614C47600B4109B /* Font+DemoFonts.swift */; };
		411D22B52614C47600B4109B /* Font+DemoFonts.swift in Sources */ = {isa = PBXBuildFile; fileRef = 411D22AD2614C47600B4109B /* Font+DemoFonts.swift */; };
		411D22B62614C47600B4109B /* Font+DemoFonts.swift in Sources */ = {isa = PBXBuildFile; fileRef = 411D22AD2614C47600B4109B /* Font+DemoFonts.swift */; };
		411D22BE2614C52700B4109B /* LevelSectionsViewModel.swift in Sources */ = {isa = PBXBuildFile; fileRef = 411D22BB2614C52700B4109B /* LevelSectionsViewModel.swift */; };
		411D22BF2614C52700B4109B /* LevelSectionsViewModel.swift in Sources */ = {isa = PBXBuildFile; fileRef = 411D22BB2614C52700B4109B /* LevelSectionsViewModel.swift */; };
		411D22C02614C52700B4109B /* LevelSectionsViewModel.swift in Sources */ = {isa = PBXBuildFile; fileRef = 411D22BB2614C52700B4109B /* LevelSectionsViewModel.swift */; };
		411D22C12614C52700B4109B /* LevelThumbViewModel.swift in Sources */ = {isa = PBXBuildFile; fileRef = 411D22BC2614C52700B4109B /* LevelThumbViewModel.swift */; };
		411D22C22614C52700B4109B /* LevelThumbViewModel.swift in Sources */ = {isa = PBXBuildFile; fileRef = 411D22BC2614C52700B4109B /* LevelThumbViewModel.swift */; };
		411D22C32614C52700B4109B /* LevelThumbViewModel.swift in Sources */ = {isa = PBXBuildFile; fileRef = 411D22BC2614C52700B4109B /* LevelThumbViewModel.swift */; };
		411D22C42614C52700B4109B /* SingleLevelSectionViewModel.swift in Sources */ = {isa = PBXBuildFile; fileRef = 411D22BD2614C52700B4109B /* SingleLevelSectionViewModel.swift */; };
		411D22C52614C52700B4109B /* SingleLevelSectionViewModel.swift in Sources */ = {isa = PBXBuildFile; fileRef = 411D22BD2614C52700B4109B /* SingleLevelSectionViewModel.swift */; };
		411D22C62614C52700B4109B /* SingleLevelSectionViewModel.swift in Sources */ = {isa = PBXBuildFile; fileRef = 411D22BD2614C52700B4109B /* SingleLevelSectionViewModel.swift */; };
		411D22CE26156A2700B4109B /* GrassRockTileSet.json in Resources */ = {isa = PBXBuildFile; fileRef = 411D22CD26156A2700B4109B /* GrassRockTileSet.json */; };
		411D22CF26156A2700B4109B /* GrassRockTileSet.json in Resources */ = {isa = PBXBuildFile; fileRef = 411D22CD26156A2700B4109B /* GrassRockTileSet.json */; };
		411D22D026156A2700B4109B /* GrassRockTileSet.json in Resources */ = {isa = PBXBuildFile; fileRef = 411D22CD26156A2700B4109B /* GrassRockTileSet.json */; };
		4160A82B26117CB90066D9CC /* BaseLevelScene.swift in Sources */ = {isa = PBXBuildFile; fileRef = 4160A82A26117CB90066D9CC /* BaseLevelScene.swift */; };
		4160A82C26117CB90066D9CC /* BaseLevelScene.swift in Sources */ = {isa = PBXBuildFile; fileRef = 4160A82A26117CB90066D9CC /* BaseLevelScene.swift */; };
		4160A82D26117CB90066D9CC /* BaseLevelScene.swift in Sources */ = {isa = PBXBuildFile; fileRef = 4160A82A26117CB90066D9CC /* BaseLevelScene.swift */; };
		417790CA260FA2A600642589 /* AppDelegate.swift in Sources */ = {isa = PBXBuildFile; fileRef = 417790C9260FA2A600642589 /* AppDelegate.swift */; };
		417790CC260FA2A600642589 /* SceneDelegate.swift in Sources */ = {isa = PBXBuildFile; fileRef = 417790CB260FA2A600642589 /* SceneDelegate.swift */; };
		417790D1260FA2A600642589 /* Main.storyboard in Resources */ = {isa = PBXBuildFile; fileRef = 417790CF260FA2A600642589 /* Main.storyboard */; };
		417790D3260FA2A700642589 /* SharedAssets.xcassets in Resources */ = {isa = PBXBuildFile; fileRef = 417790D2260FA2A700642589 /* SharedAssets.xcassets */; };
		417790D6260FA2A700642589 /* LaunchScreen.storyboard in Resources */ = {isa = PBXBuildFile; fileRef = 417790D4260FA2A700642589 /* LaunchScreen.storyboard */; };
		41779107260FA2FD00642589 /* AppDelegate.swift in Sources */ = {isa = PBXBuildFile; fileRef = 41779106260FA2FD00642589 /* AppDelegate.swift */; };
		4177910B260FA2FE00642589 /* Assets.xcassets in Resources */ = {isa = PBXBuildFile; fileRef = 4177910A260FA2FE00642589 /* Assets.xcassets */; };
		4177910E260FA2FE00642589 /* Main.storyboard in Resources */ = {isa = PBXBuildFile; fileRef = 4177910C260FA2FE00642589 /* Main.storyboard */; };
		41779167260FA38F00642589 /* AppDelegate.swift in Sources */ = {isa = PBXBuildFile; fileRef = 41779166260FA38F00642589 /* AppDelegate.swift */; };
		4177916C260FA38F00642589 /* Main.storyboard in Resources */ = {isa = PBXBuildFile; fileRef = 4177916A260FA38F00642589 /* Main.storyboard */; };
		4177916E260FA39000642589 /* Assets.xcassets in Resources */ = {isa = PBXBuildFile; fileRef = 4177916D260FA39000642589 /* Assets.xcassets */; };
		41779171260FA39000642589 /* LaunchScreen.storyboard in Resources */ = {isa = PBXBuildFile; fileRef = 4177916F260FA39000642589 /* LaunchScreen.storyboard */; };
		41779199260FA53400642589 /* GlideEngine in Frameworks */ = {isa = PBXBuildFile; productRef = 41779198260FA53400642589 /* GlideEngine */; };
		4177919E260FA56F00642589 /* GameViewController.swift in Sources */ = {isa = PBXBuildFile; fileRef = 4177919D260FA56F00642589 /* GameViewController.swift */; };
		4177919F260FA56F00642589 /* GameViewController.swift in Sources */ = {isa = PBXBuildFile; fileRef = 4177919D260FA56F00642589 /* GameViewController.swift */; };
		417791A0260FA56F00642589 /* GameViewController.swift in Sources */ = {isa = PBXBuildFile; fileRef = 4177919D260FA56F00642589 /* GameViewController.swift */; };
		417791A5260FA5E000642589 /* Scene.swift in Sources */ = {isa = PBXBuildFile; fileRef = 417791A4260FA5E000642589 /* Scene.swift */; };
		417791A6260FA5E000642589 /* Scene.swift in Sources */ = {isa = PBXBuildFile; fileRef = 417791A4260FA5E000642589 /* Scene.swift */; };
		417791A7260FA5E000642589 /* Scene.swift in Sources */ = {isa = PBXBuildFile; fileRef = 417791A4260FA5E000642589 /* Scene.swift */; };
		417791B0260FA6F100642589 /* GlideEngine in Frameworks */ = {isa = PBXBuildFile; productRef = 417791AF260FA6F100642589 /* GlideEngine */; };
		417791B2260FA6F400642589 /* GlideEngine in Frameworks */ = {isa = PBXBuildFile; productRef = 417791B1260FA6F400642589 /* GlideEngine */; };
		417791C7260FA9D300642589 /* CharacterEntity.swift in Sources */ = {isa = PBXBuildFile; fileRef = 417791C6260FA9D300642589 /* CharacterEntity.swift */; };
		417791C8260FA9D300642589 /* CharacterEntity.swift in Sources */ = {isa = PBXBuildFile; fileRef = 417791C6260FA9D300642589 /* CharacterEntity.swift */; };
		417791C9260FA9D300642589 /* CharacterEntity.swift in Sources */ = {isa = PBXBuildFile; fileRef = 417791C6260FA9D300642589 /* CharacterEntity.swift */; };
		417791D0260FAD0600642589 /* SharedAssets.xcassets in Resources */ = {isa = PBXBuildFile; fileRef = 417790D2260FA2A700642589 /* SharedAssets.xcassets */; };
		417791D4260FAD0600642589 /* SharedAssets.xcassets in Resources */ = {isa = PBXBuildFile; fileRef = 417790D2260FA2A700642589 /* SharedAssets.xcassets */; };
		417791EB260FC98600642589 /* TouchButtonComponent.swift in Sources */ = {isa = PBXBuildFile; fileRef = 417791E1260FB93300642589 /* TouchButtonComponent.swift */; };
		4177925B260FDCD800642589 /* TestMap.json in Resources */ = {isa = PBXBuildFile; fileRef = 41779246260FDCD800642589 /* TestMap.json */; };
		4177925C260FDCD800642589 /* TestMap.json in Resources */ = {isa = PBXBuildFile; fileRef = 41779246260FDCD800642589 /* TestMap.json */; };
		4177925D260FDCD800642589 /* TestMap.json in Resources */ = {isa = PBXBuildFile; fileRef = 41779246260FDCD800642589 /* TestMap.json */; };
		41779294260FDCD800642589 /* GlideColliderTileSet.json in Resources */ = {isa = PBXBuildFile; fileRef = 4177925A260FDCD800642589 /* GlideColliderTileSet.json */; };
		41779295260FDCD800642589 /* GlideColliderTileSet.json in Resources */ = {isa = PBXBuildFile; fileRef = 4177925A260FDCD800642589 /* GlideColliderTileSet.json */; };
		41779296260FDCD800642589 /* GlideColliderTileSet.json in Resources */ = {isa = PBXBuildFile; fileRef = 4177925A260FDCD800642589 /* GlideColliderTileSet.json */; };
		417792B026101A7B00642589 /* ParallaxBackgroundEntity.swift in Sources */ = {isa = PBXBuildFile; fileRef = 417792AF26101A7B00642589 /* ParallaxBackgroundEntity.swift */; };
		417792B126101A7B00642589 /* ParallaxBackgroundEntity.swift in Sources */ = {isa = PBXBuildFile; fileRef = 417792AF26101A7B00642589 /* ParallaxBackgroundEntity.swift */; };
		417792B226101A7B00642589 /* ParallaxBackgroundEntity.swift in Sources */ = {isa = PBXBuildFile; fileRef = 417792AF26101A7B00642589 /* ParallaxBackgroundEntity.swift */; };
		418B34932616C4530057847F /* HealthBarEntity.swift in Sources */ = {isa = PBXBuildFile; fileRef = 418B34922616C4530057847F /* HealthBarEntity.swift */; };
		418B34942616C4530057847F /* HealthBarEntity.swift in Sources */ = {isa = PBXBuildFile; fileRef = 418B34922616C4530057847F /* HealthBarEntity.swift */; };
		418B34952616C4530057847F /* HealthBarEntity.swift in Sources */ = {isa = PBXBuildFile; fileRef = 418B34922616C4530057847F /* HealthBarEntity.swift */; };
		418B34A02616C4960057847F /* UpdatableHealthBarComponent.swift in Sources */ = {isa = PBXBuildFile; fileRef = 418B349F2616C4960057847F /* UpdatableHealthBarComponent.swift */; };
		418B34A12616C4960057847F /* UpdatableHealthBarComponent.swift in Sources */ = {isa = PBXBuildFile; fileRef = 418B349F2616C4960057847F /* UpdatableHealthBarComponent.swift */; };
		418B34A22616C4960057847F /* UpdatableHealthBarComponent.swift in Sources */ = {isa = PBXBuildFile; fileRef = 418B349F2616C4960057847F /* UpdatableHealthBarComponent.swift */; };
		418B34AD2616C5D70057847F /* UpdateHealthBarComponent.swift in Sources */ = {isa = PBXBuildFile; fileRef = 418B34AC2616C5D70057847F /* UpdateHealthBarComponent.swift */; };
		418B34AE2616C5D70057847F /* UpdateHealthBarComponent.swift in Sources */ = {isa = PBXBuildFile; fileRef = 418B34AC2616C5D70057847F /* UpdateHealthBarComponent.swift */; };
		418B34AF2616C5D70057847F /* UpdateHealthBarComponent.swift in Sources */ = {isa = PBXBuildFile; fileRef = 418B34AC2616C5D70057847F /* UpdateHealthBarComponent.swift */; };
		4191612E261372F800680146 /* FoxEntity.swift in Sources */ = {isa = PBXBuildFile; fileRef = 4191612D261372F800680146 /* FoxEntity.swift */; };
		4191612F261372F800680146 /* FoxEntity.swift in Sources */ = {isa = PBXBuildFile; fileRef = 4191612D261372F800680146 /* FoxEntity.swift */; };
		41916130261372F800680146 /* FoxEntity.swift in Sources */ = {isa = PBXBuildFile; fileRef = 4191612D261372F800680146 /* FoxEntity.swift */; };
		41916138261374DB00680146 /* KuroCategoryMask.swift in Sources */ = {isa = PBXBuildFile; fileRef = 41916137261374DB00680146 /* KuroCategoryMask.swift */; };
		41916139261374DB00680146 /* KuroCategoryMask.swift in Sources */ = {isa = PBXBuildFile; fileRef = 41916137261374DB00680146 /* KuroCategoryMask.swift */; };
		4191613A261374DB00680146 /* KuroCategoryMask.swift in Sources */ = {isa = PBXBuildFile; fileRef = 41916137261374DB00680146 /* KuroCategoryMask.swift */; };
		41916142261379E400680146 /* ImpEntity.swift in Sources */ = {isa = PBXBuildFile; fileRef = 41916141261379E400680146 /* ImpEntity.swift */; };
		41916143261379E400680146 /* ImpEntity.swift in Sources */ = {isa = PBXBuildFile; fileRef = 41916141261379E400680146 /* ImpEntity.swift */; };
		41916144261379E400680146 /* ImpEntity.swift in Sources */ = {isa = PBXBuildFile; fileRef = 41916141261379E400680146 /* ImpEntity.swift */; };
		4191614B26137FFE00680146 /* BumpAttackerComponent.swift in Sources */ = {isa = PBXBuildFile; fileRef = 4191614A26137FFE00680146 /* BumpAttackerComponent.swift */; };
		4191614C26137FFE00680146 /* BumpAttackerComponent.swift in Sources */ = {isa = PBXBuildFile; fileRef = 4191614A26137FFE00680146 /* BumpAttackerComponent.swift */; };
		4191614D26137FFE00680146 /* BumpAttackerComponent.swift in Sources */ = {isa = PBXBuildFile; fileRef = 4191614A26137FFE00680146 /* BumpAttackerComponent.swift */; };
		41AF863226158CCA00D0F1FA /* HazardComponent.swift in Sources */ = {isa = PBXBuildFile; fileRef = 41AF863126158CCA00D0F1FA /* HazardComponent.swift */; };
		41AF863326158CCA00D0F1FA /* HazardComponent.swift in Sources */ = {isa = PBXBuildFile; fileRef = 41AF863126158CCA00D0F1FA /* HazardComponent.swift */; };
		41AF863426158CCA00D0F1FA /* HazardComponent.swift in Sources */ = {isa = PBXBuildFile; fileRef = 41AF863126158CCA00D0F1FA /* HazardComponent.swift */; };
/* End PBXBuildFile section */

/* Begin PBXFileReference section */
		411D22772614C40F00B4109B /* PauseViewController.swift */ = {isa = PBXFileReference; fileEncoding = 4; lastKnownFileType = sourcecode.swift; path = PauseViewController.swift; sourceTree = "<group>"; };
		411D22792614C40F00B4109B /* Color+Extensions.swift */ = {isa = PBXFileReference; fileEncoding = 4; lastKnownFileType = sourcecode.swift; path = "Color+Extensions.swift"; sourceTree = "<group>"; };
		411D227B2614C40F00B4109B /* LevelThumbView.swift */ = {isa = PBXFileReference; fileEncoding = 4; lastKnownFileType = sourcecode.swift; path = LevelThumbView.swift; sourceTree = "<group>"; };
		411D227C2614C40F00B4109B /* OverlayView.swift */ = {isa = PBXFileReference; fileEncoding = 4; lastKnownFileType = sourcecode.swift; path = OverlayView.swift; sourceTree = "<group>"; };
		411D227D2614C40F00B4109B /* CheckmarkSelectedView.swift */ = {isa = PBXFileReference; fileEncoding = 4; lastKnownFileType = sourcecode.swift; path = CheckmarkSelectedView.swift; sourceTree = "<group>"; };
		411D227E2614C40F00B4109B /* PopoverActionButtonContentView.swift */ = {isa = PBXFileReference; fileEncoding = 4; lastKnownFileType = sourcecode.swift; path = PopoverActionButtonContentView.swift; sourceTree = "<group>"; };
		411D227F2614C40F00B4109B /* BackButtonContentView.swift */ = {isa = PBXFileReference; fileEncoding = 4; lastKnownFileType = sourcecode.swift; path = BackButtonContentView.swift; sourceTree = "<group>"; };
		411D22802614C40F00B4109B /* SelectionButtonContentView.swift */ = {isa = PBXFileReference; fileEncoding = 4; lastKnownFileType = sourcecode.swift; path = SelectionButtonContentView.swift; sourceTree = "<group>"; };
		411D22812614C40F00B4109B /* NavigationFocusAnimationView.swift */ = {isa = PBXFileReference; fileEncoding = 4; lastKnownFileType = sourcecode.swift; path = NavigationFocusAnimationView.swift; sourceTree = "<group>"; };
		411D22822614C40F00B4109B /* LevelSectionView.swift */ = {isa = PBXFileReference; fileEncoding = 4; lastKnownFileType = sourcecode.swift; path = LevelSectionView.swift; sourceTree = "<group>"; };
		411D22832614C40F00B4109B /* PageIndicatorView.swift */ = {isa = PBXFileReference; fileEncoding = 4; lastKnownFileType = sourcecode.swift; path = PageIndicatorView.swift; sourceTree = "<group>"; };
		411D22AB2614C47600B4109B /* Label+StyledLabels.swift */ = {isa = PBXFileReference; fileEncoding = 4; lastKnownFileType = sourcecode.swift; name = "Label+StyledLabels.swift"; path = "../../../../../../Downloads/Glide-master/Demo/Shared/Game Menus/Extensions/Label+StyledLabels.swift"; sourceTree = "<group>"; };
		411D22AC2614C47600B4109B /* CAAnimation+BackgroundColorAnimation.swift */ = {isa = PBXFileReference; fileEncoding = 4; lastKnownFileType = sourcecode.swift; name = "CAAnimation+BackgroundColorAnimation.swift"; path = "../../../../../../Downloads/Glide-master/Demo/Shared/Game Menus/Extensions/CAAnimation+BackgroundColorAnimation.swift"; sourceTree = "<group>"; };
		411D22AD2614C47600B4109B /* Font+DemoFonts.swift */ = {isa = PBXFileReference; fileEncoding = 4; lastKnownFileType = sourcecode.swift; name = "Font+DemoFonts.swift"; path = "../../../../../../Downloads/Glide-master/Demo/Shared/Game Menus/Extensions/Font+DemoFonts.swift"; sourceTree = "<group>"; };
		411D22BB2614C52700B4109B /* LevelSectionsViewModel.swift */ = {isa = PBXFileReference; fileEncoding = 4; lastKnownFileType = sourcecode.swift; path = LevelSectionsViewModel.swift; sourceTree = "<group>"; };
		411D22BC2614C52700B4109B /* LevelThumbViewModel.swift */ = {isa = PBXFileReference; fileEncoding = 4; lastKnownFileType = sourcecode.swift; path = LevelThumbViewModel.swift; sourceTree = "<group>"; };
		411D22BD2614C52700B4109B /* SingleLevelSectionViewModel.swift */ = {isa = PBXFileReference; fileEncoding = 4; lastKnownFileType = sourcecode.swift; path = SingleLevelSectionViewModel.swift; sourceTree = "<group>"; };
		411D22CD26156A2700B4109B /* GrassRockTileSet.json */ = {isa = PBXFileReference; fileEncoding = 4; lastKnownFileType = text.json; path = GrassRockTileSet.json; sourceTree = "<group>"; };
		4157FE7626118A5500BFF262 /* Glide */ = {isa = PBXFileReference; lastKnownFileType = folder; path = Glide; sourceTree = "<group>"; };
		4160A82A26117CB90066D9CC /* BaseLevelScene.swift */ = {isa = PBXFileReference; lastKnownFileType = sourcecode.swift; path = BaseLevelScene.swift; sourceTree = "<group>"; };
		417790C6260FA2A600642589 /* KurosAdventure (iOS).app */ = {isa = PBXFileReference; explicitFileType = wrapper.application; includeInIndex = 0; path = "KurosAdventure (iOS).app"; sourceTree = BUILT_PRODUCTS_DIR; };
		417790C9260FA2A600642589 /* AppDelegate.swift */ = {isa = PBXFileReference; lastKnownFileType = sourcecode.swift; path = AppDelegate.swift; sourceTree = "<group>"; };
		417790CB260FA2A600642589 /* SceneDelegate.swift */ = {isa = PBXFileReference; lastKnownFileType = sourcecode.swift; path = SceneDelegate.swift; sourceTree = "<group>"; };
		417790D0260FA2A600642589 /* Base */ = {isa = PBXFileReference; lastKnownFileType = file.storyboard; name = Base; path = Base.lproj/Main.storyboard; sourceTree = "<group>"; };
		417790D2260FA2A700642589 /* SharedAssets.xcassets */ = {isa = PBXFileReference; lastKnownFileType = folder.assetcatalog; path = SharedAssets.xcassets; sourceTree = "<group>"; };
		417790D5260FA2A700642589 /* Base */ = {isa = PBXFileReference; lastKnownFileType = file.storyboard; name = Base; path = Base.lproj/LaunchScreen.storyboard; sourceTree = "<group>"; };
		417790D7260FA2A700642589 /* Info.plist */ = {isa = PBXFileReference; lastKnownFileType = text.plist.xml; path = Info.plist; sourceTree = "<group>"; };
		41779104260FA2FD00642589 /* KurosAdventure (macOS).app */ = {isa = PBXFileReference; explicitFileType = wrapper.application; includeInIndex = 0; path = "KurosAdventure (macOS).app"; sourceTree = BUILT_PRODUCTS_DIR; };
		41779106260FA2FD00642589 /* AppDelegate.swift */ = {isa = PBXFileReference; lastKnownFileType = sourcecode.swift; path = AppDelegate.swift; sourceTree = "<group>"; };
		4177910A260FA2FE00642589 /* Assets.xcassets */ = {isa = PBXFileReference; lastKnownFileType = folder.assetcatalog; path = Assets.xcassets; sourceTree = "<group>"; };
		4177910D260FA2FE00642589 /* Base */ = {isa = PBXFileReference; lastKnownFileType = file.storyboard; name = Base; path = Base.lproj/Main.storyboard; sourceTree = "<group>"; };
		4177910F260FA2FE00642589 /* Info.plist */ = {isa = PBXFileReference; lastKnownFileType = text.plist.xml; path = Info.plist; sourceTree = "<group>"; };
		41779110260FA2FE00642589 /* KurosAdventure.entitlements */ = {isa = PBXFileReference; lastKnownFileType = text.plist.entitlements; path = KurosAdventure.entitlements; sourceTree = "<group>"; };
		41779164260FA38F00642589 /* KurosAdventure (tvOS).app */ = {isa = PBXFileReference; explicitFileType = wrapper.application; includeInIndex = 0; path = "KurosAdventure (tvOS).app"; sourceTree = BUILT_PRODUCTS_DIR; };
		41779166260FA38F00642589 /* AppDelegate.swift */ = {isa = PBXFileReference; lastKnownFileType = sourcecode.swift; path = AppDelegate.swift; sourceTree = "<group>"; };
		4177916B260FA38F00642589 /* Base */ = {isa = PBXFileReference; lastKnownFileType = file.storyboard; name = Base; path = Base.lproj/Main.storyboard; sourceTree = "<group>"; };
		4177916D260FA39000642589 /* Assets.xcassets */ = {isa = PBXFileReference; lastKnownFileType = folder.assetcatalog; path = Assets.xcassets; sourceTree = "<group>"; };
		41779170260FA39000642589 /* Base */ = {isa = PBXFileReference; lastKnownFileType = file.storyboard; name = Base; path = Base.lproj/LaunchScreen.storyboard; sourceTree = "<group>"; };
		41779172260FA39000642589 /* Info.plist */ = {isa = PBXFileReference; lastKnownFileType = text.plist.xml; path = Info.plist; sourceTree = "<group>"; };
		4177919D260FA56F00642589 /* GameViewController.swift */ = {isa = PBXFileReference; lastKnownFileType = sourcecode.swift; path = GameViewController.swift; sourceTree = "<group>"; };
		417791A4260FA5E000642589 /* Scene.swift */ = {isa = PBXFileReference; lastKnownFileType = sourcecode.swift; path = Scene.swift; sourceTree = "<group>"; };
		417791C6260FA9D300642589 /* CharacterEntity.swift */ = {isa = PBXFileReference; lastKnownFileType = sourcecode.swift; path = CharacterEntity.swift; sourceTree = "<group>"; };
		417791E1260FB93300642589 /* TouchButtonComponent.swift */ = {isa = PBXFileReference; lastKnownFileType = sourcecode.swift; path = TouchButtonComponent.swift; sourceTree = "<group>"; };
		41779246260FDCD800642589 /* TestMap.json */ = {isa = PBXFileReference; fileEncoding = 4; lastKnownFileType = text.json; path = TestMap.json; sourceTree = "<group>"; };
		4177925A260FDCD800642589 /* GlideColliderTileSet.json */ = {isa = PBXFileReference; fileEncoding = 4; lastKnownFileType = text.json; path = GlideColliderTileSet.json; sourceTree = "<group>"; };
		417792AF26101A7B00642589 /* ParallaxBackgroundEntity.swift */ = {isa = PBXFileReference; lastKnownFileType = sourcecode.swift; path = ParallaxBackgroundEntity.swift; sourceTree = "<group>"; };
		418B34922616C4530057847F /* HealthBarEntity.swift */ = {isa = PBXFileReference; lastKnownFileType = sourcecode.swift; path = HealthBarEntity.swift; sourceTree = "<group>"; };
		418B349F2616C4960057847F /* UpdatableHealthBarComponent.swift */ = {isa = PBXFileReference; lastKnownFileType = sourcecode.swift; path = UpdatableHealthBarComponent.swift; sourceTree = "<group>"; };
		418B34AC2616C5D70057847F /* UpdateHealthBarComponent.swift */ = {isa = PBXFileReference; lastKnownFileType = sourcecode.swift; path = UpdateHealthBarComponent.swift; sourceTree = "<group>"; };
		4191612D261372F800680146 /* FoxEntity.swift */ = {isa = PBXFileReference; lastKnownFileType = sourcecode.swift; path = FoxEntity.swift; sourceTree = "<group>"; };
		41916137261374DB00680146 /* KuroCategoryMask.swift */ = {isa = PBXFileReference; lastKnownFileType = sourcecode.swift; path = KuroCategoryMask.swift; sourceTree = "<group>"; };
		41916141261379E400680146 /* ImpEntity.swift */ = {isa = PBXFileReference; lastKnownFileType = sourcecode.swift; path = ImpEntity.swift; sourceTree = "<group>"; };
		4191614A26137FFE00680146 /* BumpAttackerComponent.swift */ = {isa = PBXFileReference; lastKnownFileType = sourcecode.swift; path = BumpAttackerComponent.swift; sourceTree = "<group>"; };
		41AF863126158CCA00D0F1FA /* HazardComponent.swift */ = {isa = PBXFileReference; lastKnownFileType = sourcecode.swift; path = HazardComponent.swift; sourceTree = "<group>"; };
/* End PBXFileReference section */

/* Begin PBXFrameworksBuildPhase section */
		417790C3260FA2A600642589 /* Frameworks */ = {
			isa = PBXFrameworksBuildPhase;
			buildActionMask = 2147483647;
			files = (
				41779199260FA53400642589 /* GlideEngine in Frameworks */,
			);
			runOnlyForDeploymentPostprocessing = 0;
		};
		41779101260FA2FD00642589 /* Frameworks */ = {
			isa = PBXFrameworksBuildPhase;
			buildActionMask = 2147483647;
			files = (
				417791B0260FA6F100642589 /* GlideEngine in Frameworks */,
			);
			runOnlyForDeploymentPostprocessing = 0;
		};
		41779161260FA38F00642589 /* Frameworks */ = {
			isa = PBXFrameworksBuildPhase;
			buildActionMask = 2147483647;
			files = (
				417791B2260FA6F400642589 /* GlideEngine in Frameworks */,
			);
			runOnlyForDeploymentPostprocessing = 0;
		};
/* End PBXFrameworksBuildPhase section */

/* Begin PBXGroup section */
		411D22752614C40F00B4109B /* Game Menus */ = {
			isa = PBXGroup;
			children = (
				411D22782614C40F00B4109B /* Extensions */,
				411D22762614C40F00B4109B /* View Controllers */,
				411D22BA2614C52700B4109B /* ViewModel */,
				411D227A2614C40F00B4109B /* Views */,
			);
			path = "Game Menus";
			sourceTree = "<group>";
		};
		411D22762614C40F00B4109B /* View Controllers */ = {
			isa = PBXGroup;
			children = (
				411D22772614C40F00B4109B /* PauseViewController.swift */,
			);
			path = "View Controllers";
			sourceTree = "<group>";
		};
		411D22782614C40F00B4109B /* Extensions */ = {
			isa = PBXGroup;
			children = (
				411D22AC2614C47600B4109B /* CAAnimation+BackgroundColorAnimation.swift */,
				411D22AD2614C47600B4109B /* Font+DemoFonts.swift */,
				411D22AB2614C47600B4109B /* Label+StyledLabels.swift */,
				411D22792614C40F00B4109B /* Color+Extensions.swift */,
			);
			path = Extensions;
			sourceTree = "<group>";
		};
		411D227A2614C40F00B4109B /* Views */ = {
			isa = PBXGroup;
			children = (
				411D227B2614C40F00B4109B /* LevelThumbView.swift */,
				411D227C2614C40F00B4109B /* OverlayView.swift */,
				411D227D2614C40F00B4109B /* CheckmarkSelectedView.swift */,
				411D227E2614C40F00B4109B /* PopoverActionButtonContentView.swift */,
				411D227F2614C40F00B4109B /* BackButtonContentView.swift */,
				411D22802614C40F00B4109B /* SelectionButtonContentView.swift */,
				411D22812614C40F00B4109B /* NavigationFocusAnimationView.swift */,
				411D22822614C40F00B4109B /* LevelSectionView.swift */,
				411D22832614C40F00B4109B /* PageIndicatorView.swift */,
			);
			path = Views;
			sourceTree = "<group>";
		};
		411D22BA2614C52700B4109B /* ViewModel */ = {
			isa = PBXGroup;
			children = (
				411D22BB2614C52700B4109B /* LevelSectionsViewModel.swift */,
				411D22BC2614C52700B4109B /* LevelThumbViewModel.swift */,
				411D22BD2614C52700B4109B /* SingleLevelSectionViewModel.swift */,
			);
			name = ViewModel;
			path = "../../../../../Downloads/Glide-master/Demo/Shared/Game Menus/ViewModel";
			sourceTree = "<group>";
		};
		4160A83126117CD40066D9CC /* Scene */ = {
			isa = PBXGroup;
			children = (
				4160A82A26117CB90066D9CC /* BaseLevelScene.swift */,
				417791A4260FA5E000642589 /* Scene.swift */,
			);
			path = Scene;
			sourceTree = "<group>";
		};
		417790BD260FA2A600642589 = {
			isa = PBXGroup;
			children = (
				4157FE7626118A5500BFF262 /* Glide */,
				417790FF260FA2C800642589 /* Shared */,
				417790FE260FA2BB00642589 /* macOS */,
				417790FC260FA2B100642589 /* iOS */,
				41779165260FA38F00642589 /* tvOS */,
				417790C7260FA2A600642589 /* Products */,
				417791AE260FA6F100642589 /* Frameworks */,
			);
			sourceTree = "<group>";
		};
		417790C7260FA2A600642589 /* Products */ = {
			isa = PBXGroup;
			children = (
				417790C6260FA2A600642589 /* KurosAdventure (iOS).app */,
				41779104260FA2FD00642589 /* KurosAdventure (macOS).app */,
				41779164260FA38F00642589 /* KurosAdventure (tvOS).app */,
			);
			name = Products;
			sourceTree = "<group>";
		};
		417790FC260FA2B100642589 /* iOS */ = {
			isa = PBXGroup;
			children = (
				417790C9260FA2A600642589 /* AppDelegate.swift */,
				417790D7260FA2A700642589 /* Info.plist */,
				417790D4260FA2A700642589 /* LaunchScreen.storyboard */,
				417790CF260FA2A600642589 /* Main.storyboard */,
				417790CB260FA2A600642589 /* SceneDelegate.swift */,
			);
			path = iOS;
			sourceTree = "<group>";
		};
		417790FE260FA2BB00642589 /* macOS */ = {
			isa = PBXGroup;
			children = (
				41779106260FA2FD00642589 /* AppDelegate.swift */,
				4177910A260FA2FE00642589 /* Assets.xcassets */,
				4177910C260FA2FE00642589 /* Main.storyboard */,
				4177910F260FA2FE00642589 /* Info.plist */,
				41779110260FA2FE00642589 /* KurosAdventure.entitlements */,
			);
			path = macOS;
			sourceTree = "<group>";
		};
		417790FF260FA2C800642589 /* Shared */ = {
			isa = PBXGroup;
			children = (
				4191614826137FE500680146 /* Components */,
				417792AE26101A6900642589 /* Entities */,
				411D22752614C40F00B4109B /* Game Menus */,
				4177919D260FA56F00642589 /* GameViewController.swift */,
				41916137261374DB00680146 /* KuroCategoryMask.swift */,
				4160A83126117CD40066D9CC /* Scene */,
				417790D2260FA2A700642589 /* SharedAssets.xcassets */,
				41779245260FDCD800642589 /* Tiles */,
				417791E1260FB93300642589 /* TouchButtonComponent.swift */,
			);
			path = Shared;
			sourceTree = "<group>";
		};
		41779165260FA38F00642589 /* tvOS */ = {
			isa = PBXGroup;
			children = (
				41779166260FA38F00642589 /* AppDelegate.swift */,
				4177916A260FA38F00642589 /* Main.storyboard */,
				4177916D260FA39000642589 /* Assets.xcassets */,
				4177916F260FA39000642589 /* LaunchScreen.storyboard */,
				41779172260FA39000642589 /* Info.plist */,
			);
			path = tvOS;
			sourceTree = "<group>";
		};
		417791AE260FA6F100642589 /* Frameworks */ = {
			isa = PBXGroup;
			children = (
			);
			name = Frameworks;
			sourceTree = "<group>";
		};
		41779245260FDCD800642589 /* Tiles */ = {
			isa = PBXGroup;
			children = (
				4177925A260FDCD800642589 /* GlideColliderTileSet.json */,
				411D22CD26156A2700B4109B /* GrassRockTileSet.json */,
				41779246260FDCD800642589 /* TestMap.json */,
			);
			path = Tiles;
			sourceTree = "<group>";
		};
		417792AE26101A6900642589 /* Entities */ = {
			isa = PBXGroup;
			children = (
				417791C6260FA9D300642589 /* CharacterEntity.swift */,
				4191612D261372F800680146 /* FoxEntity.swift */,
				41916141261379E400680146 /* ImpEntity.swift */,
				417792AF26101A7B00642589 /* ParallaxBackgroundEntity.swift */,
				418B34912616C4380057847F /* UI */,
			);
			path = Entities;
			sourceTree = "<group>";
		};
		418B34912616C4380057847F /* UI */ = {
			isa = PBXGroup;
			children = (
				418B34922616C4530057847F /* HealthBarEntity.swift */,
			);
			path = UI;
			sourceTree = "<group>";
		};
		4191614826137FE500680146 /* Components */ = {
			isa = PBXGroup;
			children = (
				41AF863126158CCA00D0F1FA /* HazardComponent.swift */,
				4191614926137FEA00680146 /* Player */,
				418B349F2616C4960057847F /* UpdatableHealthBarComponent.swift */,
			);
			path = Components;
			sourceTree = "<group>";
		};
		4191614926137FEA00680146 /* Player */ = {
			isa = PBXGroup;
			children = (
				4191614A26137FFE00680146 /* BumpAttackerComponent.swift */,
				418B34AC2616C5D70057847F /* UpdateHealthBarComponent.swift */,
			);
			path = Player;
			sourceTree = "<group>";
		};
/* End PBXGroup section */

/* Begin PBXNativeTarget section */
		417790C5260FA2A600642589 /* KurosAdventure (iOS) */ = {
			isa = PBXNativeTarget;
			buildConfigurationList = 417790F0260FA2A700642589 /* Build configuration list for PBXNativeTarget "KurosAdventure (iOS)" */;
			buildPhases = (
				417790C2260FA2A600642589 /* Sources */,
				417790C3260FA2A600642589 /* Frameworks */,
				417790C4260FA2A600642589 /* Resources */,
				417791B6260FA7A000642589 /* Run SwiftLint */,
			);
			buildRules = (
			);
			dependencies = (
			);
			name = "KurosAdventure (iOS)";
			packageProductDependencies = (
				41779198260FA53400642589 /* GlideEngine */,
			);
			productName = KurosAdventure;
			productReference = 417790C6260FA2A600642589 /* KurosAdventure (iOS).app */;
			productType = "com.apple.product-type.application";
		};
		41779103260FA2FD00642589 /* KurosAdventure (macOS) */ = {
			isa = PBXNativeTarget;
			buildConfigurationList = 41779127260FA2FE00642589 /* Build configuration list for PBXNativeTarget "KurosAdventure (macOS)" */;
			buildPhases = (
				41779100260FA2FD00642589 /* Sources */,
				41779101260FA2FD00642589 /* Frameworks */,
				41779102260FA2FD00642589 /* Resources */,
				418B34BF2616EBDD0057847F /* Run SwiftLint */,
			);
			buildRules = (
			);
			dependencies = (
			);
			name = "KurosAdventure (macOS)";
			packageProductDependencies = (
				417791AF260FA6F100642589 /* GlideEngine */,
			);
			productName = KurosAdventure;
			productReference = 41779104260FA2FD00642589 /* KurosAdventure (macOS).app */;
			productType = "com.apple.product-type.application";
		};
		41779163260FA38F00642589 /* KurosAdventure (tvOS) */ = {
			isa = PBXNativeTarget;
			buildConfigurationList = 41779173260FA39000642589 /* Build configuration list for PBXNativeTarget "KurosAdventure (tvOS)" */;
			buildPhases = (
				41779160260FA38F00642589 /* Sources */,
				41779161260FA38F00642589 /* Frameworks */,
				41779162260FA38F00642589 /* Resources */,
			);
			buildRules = (
			);
			dependencies = (
			);
			name = "KurosAdventure (tvOS)";
			packageProductDependencies = (
				417791B1260FA6F400642589 /* GlideEngine */,
			);
			productName = KurosAdventure;
			productReference = 41779164260FA38F00642589 /* KurosAdventure (tvOS).app */;
			productType = "com.apple.product-type.application";
		};
/* End PBXNativeTarget section */

/* Begin PBXProject section */
		417790BE260FA2A600642589 /* Project object */ = {
			isa = PBXProject;
			attributes = {
				LastSwiftUpdateCheck = 1230;
				LastUpgradeCheck = 1230;
				TargetAttributes = {
					417790C5260FA2A600642589 = {
						CreatedOnToolsVersion = 12.3;
					};
					41779103260FA2FD00642589 = {
						CreatedOnToolsVersion = 12.3;
					};
					41779163260FA38F00642589 = {
						CreatedOnToolsVersion = 12.3;
					};
				};
			};
			buildConfigurationList = 417790C1260FA2A600642589 /* Build configuration list for PBXProject "KurosAdventure" */;
			compatibilityVersion = "Xcode 9.3";
			developmentRegion = en;
			hasScannedForEncodings = 0;
			knownRegions = (
				en,
				Base,
			);
			mainGroup = 417790BD260FA2A600642589;
			packageReferences = (
				41779197260FA53400642589 /* XCRemoteSwiftPackageReference "Glide" */,
			);
			productRefGroup = 417790C7260FA2A600642589 /* Products */;
			projectDirPath = "";
			projectRoot = "";
			targets = (
				417790C5260FA2A600642589 /* KurosAdventure (iOS) */,
				41779103260FA2FD00642589 /* KurosAdventure (macOS) */,
				41779163260FA38F00642589 /* KurosAdventure (tvOS) */,
			);
		};
/* End PBXProject section */

/* Begin PBXResourcesBuildPhase section */
		417790C4260FA2A600642589 /* Resources */ = {
			isa = PBXResourcesBuildPhase;
			buildActionMask = 2147483647;
			files = (
				417790D6260FA2A700642589 /* LaunchScreen.storyboard in Resources */,
				417790D3260FA2A700642589 /* SharedAssets.xcassets in Resources */,
				411D22CE26156A2700B4109B /* GrassRockTileSet.json in Resources */,
				41779294260FDCD800642589 /* GlideColliderTileSet.json in Resources */,
				4177925B260FDCD800642589 /* TestMap.json in Resources */,
				417790D1260FA2A600642589 /* Main.storyboard in Resources */,
			);
			runOnlyForDeploymentPostprocessing = 0;
		};
		41779102260FA2FD00642589 /* Resources */ = {
			isa = PBXResourcesBuildPhase;
			buildActionMask = 2147483647;
			files = (
				4177910B260FA2FE00642589 /* Assets.xcassets in Resources */,
				417791D0260FAD0600642589 /* SharedAssets.xcassets in Resources */,
				411D22CF26156A2700B4109B /* GrassRockTileSet.json in Resources */,
				41779295260FDCD800642589 /* GlideColliderTileSet.json in Resources */,
				4177925C260FDCD800642589 /* TestMap.json in Resources */,
				4177910E260FA2FE00642589 /* Main.storyboard in Resources */,
			);
			runOnlyForDeploymentPostprocessing = 0;
		};
		41779162260FA38F00642589 /* Resources */ = {
			isa = PBXResourcesBuildPhase;
			buildActionMask = 2147483647;
			files = (
				41779171260FA39000642589 /* LaunchScreen.storyboard in Resources */,
				4177916E260FA39000642589 /* Assets.xcassets in Resources */,
				4177925D260FDCD800642589 /* TestMap.json in Resources */,
				417791D4260FAD0600642589 /* SharedAssets.xcassets in Resources */,
				41779296260FDCD800642589 /* GlideColliderTileSet.json in Resources */,
				4177916C260FA38F00642589 /* Main.storyboard in Resources */,
				411D22D026156A2700B4109B /* GrassRockTileSet.json in Resources */,
			);
			runOnlyForDeploymentPostprocessing = 0;
		};
/* End PBXResourcesBuildPhase section */

/* Begin PBXShellScriptBuildPhase section */
		417791B6260FA7A000642589 /* Run SwiftLint */ = {
			isa = PBXShellScriptBuildPhase;
			buildActionMask = 2147483647;
			files = (
			);
			inputFileListPaths = (
			);
			inputPaths = (
			);
			name = "Run SwiftLint";
			outputFileListPaths = (
			);
			outputPaths = (
			);
			runOnlyForDeploymentPostprocessing = 0;
			shellPath = /bin/sh;
			shellScript = "if which swiftlint >/dev/null; then\nswiftlint lint --config ./.swiftlint.yml\nelse\necho \"warning: SwiftLint not installed, download from https://github.com/realm/SwiftLint\"\nfi\n";
		};
		418B34BF2616EBDD0057847F /* Run SwiftLint */ = {
			isa = PBXShellScriptBuildPhase;
			buildActionMask = 2147483647;
			files = (
			);
			inputFileListPaths = (
			);
			inputPaths = (
			);
			name = "Run SwiftLint";
			outputFileListPaths = (
			);
			outputPaths = (
			);
			runOnlyForDeploymentPostprocessing = 0;
			shellPath = /bin/sh;
			shellScript = "if which swiftlint >/dev/null; then\nswiftlint lint --config ./.swiftlint.yml\nelse\necho \"warning: SwiftLint not installed, download from https://github.com/realm/SwiftLint\"\nfi\n";
		};
/* End PBXShellScriptBuildPhase section */

/* Begin PBXSourcesBuildPhase section */
		417790C2260FA2A600642589 /* Sources */ = {
			isa = PBXSourcesBuildPhase;
			buildActionMask = 2147483647;
			files = (
				411D229C2614C40F00B4109B /* NavigationFocusAnimationView.swift in Sources */,
				41916142261379E400680146 /* ImpEntity.swift in Sources */,
				411D22962614C40F00B4109B /* BackButtonContentView.swift in Sources */,
				41916138261374DB00680146 /* KuroCategoryMask.swift in Sources */,
				418B34A02616C4960057847F /* UpdatableHealthBarComponent.swift in Sources */,
				4191612E261372F800680146 /* FoxEntity.swift in Sources */,
				41AF863226158CCA00D0F1FA /* HazardComponent.swift in Sources */,
				411D22C42614C52700B4109B /* SingleLevelSectionViewModel.swift in Sources */,
				4160A82B26117CB90066D9CC /* BaseLevelScene.swift in Sources */,
				411D22AE2614C47600B4109B /* Label+StyledLabels.swift in Sources */,
				417791C7260FA9D300642589 /* CharacterEntity.swift in Sources */,
				411D22C12614C52700B4109B /* LevelThumbViewModel.swift in Sources */,
				411D228A2614C40F00B4109B /* LevelThumbView.swift in Sources */,
				417791EB260FC98600642589 /* TouchButtonComponent.swift in Sources */,
				411D229F2614C40F00B4109B /* LevelSectionView.swift in Sources */,
				411D22902614C40F00B4109B /* CheckmarkSelectedView.swift in Sources */,
				411D22BE2614C52700B4109B /* LevelSectionsViewModel.swift in Sources */,
				418B34932616C4530057847F /* HealthBarEntity.swift in Sources */,
				4177919E260FA56F00642589 /* GameViewController.swift in Sources */,
				411D22A22614C40F00B4109B /* PageIndicatorView.swift in Sources */,
				411D22B42614C47600B4109B /* Font+DemoFonts.swift in Sources */,
				417791A5260FA5E000642589 /* Scene.swift in Sources */,
				411D228D2614C40F00B4109B /* OverlayView.swift in Sources */,
				418B34AD2616C5D70057847F /* UpdateHealthBarComponent.swift in Sources */,
				4191614B26137FFE00680146 /* BumpAttackerComponent.swift in Sources */,
				411D22932614C40F00B4109B /* PopoverActionButtonContentView.swift in Sources */,
				411D22842614C40F00B4109B /* PauseViewController.swift in Sources */,
				417790CA260FA2A600642589 /* AppDelegate.swift in Sources */,
				411D22872614C40F00B4109B /* Color+Extensions.swift in Sources */,
				417790CC260FA2A600642589 /* SceneDelegate.swift in Sources */,
				411D22992614C40F00B4109B /* SelectionButtonContentView.swift in Sources */,
				411D22B12614C47600B4109B /* CAAnimation+BackgroundColorAnimation.swift in Sources */,
				417792B026101A7B00642589 /* ParallaxBackgroundEntity.swift in Sources */,
			);
			runOnlyForDeploymentPostprocessing = 0;
		};
		41779100260FA2FD00642589 /* Sources */ = {
			isa = PBXSourcesBuildPhase;
			buildActionMask = 2147483647;
			files = (
				418B34942616C4530057847F /* HealthBarEntity.swift in Sources */,
				411D22C22614C52700B4109B /* LevelThumbViewModel.swift in Sources */,
				411D22852614C40F00B4109B /* PauseViewController.swift in Sources */,
				411D22BF2614C52700B4109B /* LevelSectionsViewModel.swift in Sources */,
				411D22A32614C40F00B4109B /* PageIndicatorView.swift in Sources */,
				411D229D2614C40F00B4109B /* NavigationFocusAnimationView.swift in Sources */,
				41AF863326158CCA00D0F1FA /* HazardComponent.swift in Sources */,
				41916143261379E400680146 /* ImpEntity.swift in Sources */,
				411D22C52614C52700B4109B /* SingleLevelSectionViewModel.swift in Sources */,
				411D22B22614C47600B4109B /* CAAnimation+BackgroundColorAnimation.swift in Sources */,
				417791A6260FA5E000642589 /* Scene.swift in Sources */,
				418B34AE2616C5D70057847F /* UpdateHealthBarComponent.swift in Sources */,
				411D228B2614C40F00B4109B /* LevelThumbView.swift in Sources */,
				411D22A02614C40F00B4109B /* LevelSectionView.swift in Sources */,
				417792B126101A7B00642589 /* ParallaxBackgroundEntity.swift in Sources */,
				4160A82C26117CB90066D9CC /* BaseLevelScene.swift in Sources */,
				411D229A2614C40F00B4109B /* SelectionButtonContentView.swift in Sources */,
				4177919F260FA56F00642589 /* GameViewController.swift in Sources */,
				41916139261374DB00680146 /* KuroCategoryMask.swift in Sources */,
				411D22912614C40F00B4109B /* CheckmarkSelectedView.swift in Sources */,
				417791C8260FA9D300642589 /* CharacterEntity.swift in Sources */,
				411D22942614C40F00B4109B /* PopoverActionButtonContentView.swift in Sources */,
				411D22B52614C47600B4109B /* Font+DemoFonts.swift in Sources */,
				418B34A12616C4960057847F /* UpdatableHealthBarComponent.swift in Sources */,
				411D22972614C40F00B4109B /* BackButtonContentView.swift in Sources */,
				411D228E2614C40F00B4109B /* OverlayView.swift in Sources */,
				4191612F261372F800680146 /* FoxEntity.swift in Sources */,
				411D22AF2614C47600B4109B /* Label+StyledLabels.swift in Sources */,
				4191614C26137FFE00680146 /* BumpAttackerComponent.swift in Sources */,
				41779107260FA2FD00642589 /* AppDelegate.swift in Sources */,
				411D22882614C40F00B4109B /* Color+Extensions.swift in Sources */,
			);
			runOnlyForDeploymentPostprocessing = 0;
		};
		41779160260FA38F00642589 /* Sources */ = {
			isa = PBXSourcesBuildPhase;
			buildActionMask = 2147483647;
			files = (
				418B34952616C4530057847F /* HealthBarEntity.swift in Sources */,
				411D22C32614C52700B4109B /* LevelThumbViewModel.swift in Sources */,
				411D22862614C40F00B4109B /* PauseViewController.swift in Sources */,
				411D22C02614C52700B4109B /* LevelSectionsViewModel.swift in Sources */,
				411D22A42614C40F00B4109B /* PageIndicatorView.swift in Sources */,
				411D229E2614C40F00B4109B /* NavigationFocusAnimationView.swift in Sources */,
				41AF863426158CCA00D0F1FA /* HazardComponent.swift in Sources */,
				41916144261379E400680146 /* ImpEntity.swift in Sources */,
				411D22C62614C52700B4109B /* SingleLevelSectionViewModel.swift in Sources */,
				411D22B32614C47600B4109B /* CAAnimation+BackgroundColorAnimation.swift in Sources */,
				417791A7260FA5E000642589 /* Scene.swift in Sources */,
				418B34AF2616C5D70057847F /* UpdateHealthBarComponent.swift in Sources */,
				411D228C2614C40F00B4109B /* LevelThumbView.swift in Sources */,
				411D22A12614C40F00B4109B /* LevelSectionView.swift in Sources */,
				417792B226101A7B00642589 /* ParallaxBackgroundEntity.swift in Sources */,
				4160A82D26117CB90066D9CC /* BaseLevelScene.swift in Sources */,
				411D229B2614C40F00B4109B /* SelectionButtonContentView.swift in Sources */,
				417791A0260FA56F00642589 /* GameViewController.swift in Sources */,
				4191613A261374DB00680146 /* KuroCategoryMask.swift in Sources */,
				411D22922614C40F00B4109B /* CheckmarkSelectedView.swift in Sources */,
				417791C9260FA9D300642589 /* CharacterEntity.swift in Sources */,
				411D22952614C40F00B4109B /* PopoverActionButtonContentView.swift in Sources */,
				411D22B62614C47600B4109B /* Font+DemoFonts.swift in Sources */,
				418B34A22616C4960057847F /* UpdatableHealthBarComponent.swift in Sources */,
				411D22982614C40F00B4109B /* BackButtonContentView.swift in Sources */,
				411D228F2614C40F00B4109B /* OverlayView.swift in Sources */,
				41916130261372F800680146 /* FoxEntity.swift in Sources */,
				411D22B02614C47600B4109B /* Label+StyledLabels.swift in Sources */,
				4191614D26137FFE00680146 /* BumpAttackerComponent.swift in Sources */,
				41779167260FA38F00642589 /* AppDelegate.swift in Sources */,
				411D22892614C40F00B4109B /* Color+Extensions.swift in Sources */,
			);
			runOnlyForDeploymentPostprocessing = 0;
		};
/* End PBXSourcesBuildPhase section */

/* Begin PBXVariantGroup section */
		417790CF260FA2A600642589 /* Main.storyboard */ = {
			isa = PBXVariantGroup;
			children = (
				417790D0260FA2A600642589 /* Base */,
			);
			name = Main.storyboard;
			sourceTree = "<group>";
		};
		417790D4260FA2A700642589 /* LaunchScreen.storyboard */ = {
			isa = PBXVariantGroup;
			children = (
				417790D5260FA2A700642589 /* Base */,
			);
			name = LaunchScreen.storyboard;
			sourceTree = "<group>";
		};
		4177910C260FA2FE00642589 /* Main.storyboard */ = {
			isa = PBXVariantGroup;
			children = (
				4177910D260FA2FE00642589 /* Base */,
			);
			name = Main.storyboard;
			sourceTree = "<group>";
		};
		4177916A260FA38F00642589 /* Main.storyboard */ = {
			isa = PBXVariantGroup;
			children = (
				4177916B260FA38F00642589 /* Base */,
			);
			name = Main.storyboard;
			sourceTree = "<group>";
		};
		4177916F260FA39000642589 /* LaunchScreen.storyboard */ = {
			isa = PBXVariantGroup;
			children = (
				41779170260FA39000642589 /* Base */,
			);
			name = LaunchScreen.storyboard;
			sourceTree = "<group>";
		};
/* End PBXVariantGroup section */

/* Begin XCBuildConfiguration section */
		417790EE260FA2A700642589 /* Debug */ = {
			isa = XCBuildConfiguration;
			buildSettings = {
				ALWAYS_SEARCH_USER_PATHS = NO;
				CLANG_ANALYZER_NONNULL = YES;
				CLANG_ANALYZER_NUMBER_OBJECT_CONVERSION = YES_AGGRESSIVE;
				CLANG_CXX_LANGUAGE_STANDARD = "gnu++14";
				CLANG_CXX_LIBRARY = "libc++";
				CLANG_ENABLE_MODULES = YES;
				CLANG_ENABLE_OBJC_ARC = YES;
				CLANG_ENABLE_OBJC_WEAK = YES;
				CLANG_WARN_BLOCK_CAPTURE_AUTORELEASING = YES;
				CLANG_WARN_BOOL_CONVERSION = YES;
				CLANG_WARN_COMMA = YES;
				CLANG_WARN_CONSTANT_CONVERSION = YES;
				CLANG_WARN_DEPRECATED_OBJC_IMPLEMENTATIONS = YES;
				CLANG_WARN_DIRECT_OBJC_ISA_USAGE = YES_ERROR;
				CLANG_WARN_DOCUMENTATION_COMMENTS = YES;
				CLANG_WARN_EMPTY_BODY = YES;
				CLANG_WARN_ENUM_CONVERSION = YES;
				CLANG_WARN_INFINITE_RECURSION = YES;
				CLANG_WARN_INT_CONVERSION = YES;
				CLANG_WARN_NON_LITERAL_NULL_CONVERSION = YES;
				CLANG_WARN_OBJC_IMPLICIT_RETAIN_SELF = YES;
				CLANG_WARN_OBJC_LITERAL_CONVERSION = YES;
				CLANG_WARN_OBJC_ROOT_CLASS = YES_ERROR;
				CLANG_WARN_QUOTED_INCLUDE_IN_FRAMEWORK_HEADER = YES;
				CLANG_WARN_RANGE_LOOP_ANALYSIS = YES;
				CLANG_WARN_STRICT_PROTOTYPES = YES;
				CLANG_WARN_SUSPICIOUS_MOVE = YES;
				CLANG_WARN_UNGUARDED_AVAILABILITY = YES_AGGRESSIVE;
				CLANG_WARN_UNREACHABLE_CODE = YES;
				CLANG_WARN__DUPLICATE_METHOD_MATCH = YES;
				COPY_PHASE_STRIP = NO;
				DEBUG_INFORMATION_FORMAT = dwarf;
				ENABLE_STRICT_OBJC_MSGSEND = YES;
				ENABLE_TESTABILITY = YES;
				GCC_C_LANGUAGE_STANDARD = gnu11;
				GCC_DYNAMIC_NO_PIC = NO;
				GCC_NO_COMMON_BLOCKS = YES;
				GCC_OPTIMIZATION_LEVEL = 0;
				GCC_PREPROCESSOR_DEFINITIONS = (
					"DEBUG=1",
					"$(inherited)",
				);
				GCC_WARN_64_TO_32_BIT_CONVERSION = YES;
				GCC_WARN_ABOUT_RETURN_TYPE = YES_ERROR;
				GCC_WARN_UNDECLARED_SELECTOR = YES;
				GCC_WARN_UNINITIALIZED_AUTOS = YES_AGGRESSIVE;
				GCC_WARN_UNUSED_FUNCTION = YES;
				GCC_WARN_UNUSED_VARIABLE = YES;
				IPHONEOS_DEPLOYMENT_TARGET = 14.3;
				MTL_ENABLE_DEBUG_INFO = INCLUDE_SOURCE;
				MTL_FAST_MATH = YES;
				ONLY_ACTIVE_ARCH = YES;
				SDKROOT = iphoneos;
				SWIFT_ACTIVE_COMPILATION_CONDITIONS = DEBUG;
				SWIFT_OPTIMIZATION_LEVEL = "-Onone";
			};
			name = Debug;
		};
		417790EF260FA2A700642589 /* Release */ = {
			isa = XCBuildConfiguration;
			buildSettings = {
				ALWAYS_SEARCH_USER_PATHS = NO;
				CLANG_ANALYZER_NONNULL = YES;
				CLANG_ANALYZER_NUMBER_OBJECT_CONVERSION = YES_AGGRESSIVE;
				CLANG_CXX_LANGUAGE_STANDARD = "gnu++14";
				CLANG_CXX_LIBRARY = "libc++";
				CLANG_ENABLE_MODULES = YES;
				CLANG_ENABLE_OBJC_ARC = YES;
				CLANG_ENABLE_OBJC_WEAK = YES;
				CLANG_WARN_BLOCK_CAPTURE_AUTORELEASING = YES;
				CLANG_WARN_BOOL_CONVERSION = YES;
				CLANG_WARN_COMMA = YES;
				CLANG_WARN_CONSTANT_CONVERSION = YES;
				CLANG_WARN_DEPRECATED_OBJC_IMPLEMENTATIONS = YES;
				CLANG_WARN_DIRECT_OBJC_ISA_USAGE = YES_ERROR;
				CLANG_WARN_DOCUMENTATION_COMMENTS = YES;
				CLANG_WARN_EMPTY_BODY = YES;
				CLANG_WARN_ENUM_CONVERSION = YES;
				CLANG_WARN_INFINITE_RECURSION = YES;
				CLANG_WARN_INT_CONVERSION = YES;
				CLANG_WARN_NON_LITERAL_NULL_CONVERSION = YES;
				CLANG_WARN_OBJC_IMPLICIT_RETAIN_SELF = YES;
				CLANG_WARN_OBJC_LITERAL_CONVERSION = YES;
				CLANG_WARN_OBJC_ROOT_CLASS = YES_ERROR;
				CLANG_WARN_QUOTED_INCLUDE_IN_FRAMEWORK_HEADER = YES;
				CLANG_WARN_RANGE_LOOP_ANALYSIS = YES;
				CLANG_WARN_STRICT_PROTOTYPES = YES;
				CLANG_WARN_SUSPICIOUS_MOVE = YES;
				CLANG_WARN_UNGUARDED_AVAILABILITY = YES_AGGRESSIVE;
				CLANG_WARN_UNREACHABLE_CODE = YES;
				CLANG_WARN__DUPLICATE_METHOD_MATCH = YES;
				COPY_PHASE_STRIP = NO;
				DEBUG_INFORMATION_FORMAT = "dwarf-with-dsym";
				ENABLE_NS_ASSERTIONS = NO;
				ENABLE_STRICT_OBJC_MSGSEND = YES;
				GCC_C_LANGUAGE_STANDARD = gnu11;
				GCC_NO_COMMON_BLOCKS = YES;
				GCC_WARN_64_TO_32_BIT_CONVERSION = YES;
				GCC_WARN_ABOUT_RETURN_TYPE = YES_ERROR;
				GCC_WARN_UNDECLARED_SELECTOR = YES;
				GCC_WARN_UNINITIALIZED_AUTOS = YES_AGGRESSIVE;
				GCC_WARN_UNUSED_FUNCTION = YES;
				GCC_WARN_UNUSED_VARIABLE = YES;
				IPHONEOS_DEPLOYMENT_TARGET = 14.3;
				MTL_ENABLE_DEBUG_INFO = NO;
				MTL_FAST_MATH = YES;
				SDKROOT = iphoneos;
				SWIFT_COMPILATION_MODE = wholemodule;
				SWIFT_OPTIMIZATION_LEVEL = "-O";
				VALIDATE_PRODUCT = YES;
			};
			name = Release;
		};
		417790F1260FA2A700642589 /* Debug */ = {
			isa = XCBuildConfiguration;
			buildSettings = {
				ASSETCATALOG_COMPILER_APPICON_NAME = AppIcon;
				ASSETCATALOG_COMPILER_GLOBAL_ACCENT_COLOR_NAME = AccentColor;
				CODE_SIGN_STYLE = Automatic;
				DEVELOPMENT_TEAM = L5GKNB78UR;
				INFOPLIST_FILE = iOS/Info.plist;
				LD_RUNPATH_SEARCH_PATHS = (
					"$(inherited)",
					"@executable_path/Frameworks",
				);
				PRODUCT_BUNDLE_IDENTIFIER = com.summitisland.KurosAdventure;
				PRODUCT_NAME = "$(TARGET_NAME)";
				SWIFT_VERSION = 5.0;
				TARGETED_DEVICE_FAMILY = "1,2";
			};
			name = Debug;
		};
		417790F2260FA2A700642589 /* Release */ = {
			isa = XCBuildConfiguration;
			buildSettings = {
				ASSETCATALOG_COMPILER_APPICON_NAME = AppIcon;
				ASSETCATALOG_COMPILER_GLOBAL_ACCENT_COLOR_NAME = AccentColor;
				CODE_SIGN_STYLE = Automatic;
				DEVELOPMENT_TEAM = L5GKNB78UR;
				INFOPLIST_FILE = iOS/Info.plist;
				LD_RUNPATH_SEARCH_PATHS = (
					"$(inherited)",
					"@executable_path/Frameworks",
				);
				PRODUCT_BUNDLE_IDENTIFIER = com.summitisland.KurosAdventure;
				PRODUCT_NAME = "$(TARGET_NAME)";
				SWIFT_VERSION = 5.0;
				TARGETED_DEVICE_FAMILY = "1,2";
			};
			name = Release;
		};
		41779128260FA2FE00642589 /* Debug */ = {
			isa = XCBuildConfiguration;
			buildSettings = {
				ASSETCATALOG_COMPILER_APPICON_NAME = AppIcon;
				ASSETCATALOG_COMPILER_GLOBAL_ACCENT_COLOR_NAME = AccentColor;
				CODE_SIGN_ENTITLEMENTS = macOS/KurosAdventure.entitlements;
				CODE_SIGN_STYLE = Automatic;
				COMBINE_HIDPI_IMAGES = YES;
				DEVELOPMENT_TEAM = L5GKNB78UR;
				ENABLE_HARDENED_RUNTIME = YES;
				INFOPLIST_FILE = macOS/Info.plist;
				LD_RUNPATH_SEARCH_PATHS = (
					"$(inherited)",
					"@executable_path/../Frameworks",
				);
				MACOSX_DEPLOYMENT_TARGET = 11.1;
				PRODUCT_BUNDLE_IDENTIFIER = com.summitisland.KurosAdventure;
				PRODUCT_NAME = "$(TARGET_NAME)";
				SDKROOT = macosx;
				SWIFT_VERSION = 5.0;
			};
			name = Debug;
		};
		41779129260FA2FE00642589 /* Release */ = {
			isa = XCBuildConfiguration;
			buildSettings = {
				ASSETCATALOG_COMPILER_APPICON_NAME = AppIcon;
				ASSETCATALOG_COMPILER_GLOBAL_ACCENT_COLOR_NAME = AccentColor;
				CODE_SIGN_ENTITLEMENTS = macOS/KurosAdventure.entitlements;
				CODE_SIGN_STYLE = Automatic;
				COMBINE_HIDPI_IMAGES = YES;
				DEVELOPMENT_TEAM = L5GKNB78UR;
				ENABLE_HARDENED_RUNTIME = YES;
				INFOPLIST_FILE = macOS/Info.plist;
				LD_RUNPATH_SEARCH_PATHS = (
					"$(inherited)",
					"@executable_path/../Frameworks",
				);
				MACOSX_DEPLOYMENT_TARGET = 11.1;
				PRODUCT_BUNDLE_IDENTIFIER = com.summitisland.KurosAdventure;
				PRODUCT_NAME = "$(TARGET_NAME)";
				SDKROOT = macosx;
				SWIFT_VERSION = 5.0;
			};
			name = Release;
		};
		41779174260FA39000642589 /* Debug */ = {
			isa = XCBuildConfiguration;
			buildSettings = {
				ASSETCATALOG_COMPILER_APPICON_NAME = "App Icon & Top Shelf Image";
				ASSETCATALOG_COMPILER_GLOBAL_ACCENT_COLOR_NAME = AccentColor;
				CODE_SIGN_STYLE = Automatic;
				DEVELOPMENT_TEAM = L5GKNB78UR;
				INFOPLIST_FILE = tvOS/Info.plist;
				LD_RUNPATH_SEARCH_PATHS = (
					"$(inherited)",
					"@executable_path/Frameworks",
				);
				PRODUCT_BUNDLE_IDENTIFIER = com.summitisland.KurosAdventure;
				PRODUCT_NAME = "$(TARGET_NAME)";
				SDKROOT = appletvos;
				SWIFT_VERSION = 5.0;
				TARGETED_DEVICE_FAMILY = 3;
				TVOS_DEPLOYMENT_TARGET = 14.3;
			};
			name = Debug;
		};
		41779175260FA39000642589 /* Release */ = {
			isa = XCBuildConfiguration;
			buildSettings = {
				ASSETCATALOG_COMPILER_APPICON_NAME = "App Icon & Top Shelf Image";
				ASSETCATALOG_COMPILER_GLOBAL_ACCENT_COLOR_NAME = AccentColor;
				CODE_SIGN_STYLE = Automatic;
				DEVELOPMENT_TEAM = L5GKNB78UR;
				INFOPLIST_FILE = tvOS/Info.plist;
				LD_RUNPATH_SEARCH_PATHS = (
					"$(inherited)",
					"@executable_path/Frameworks",
				);
				PRODUCT_BUNDLE_IDENTIFIER = com.summitisland.KurosAdventure;
				PRODUCT_NAME = "$(TARGET_NAME)";
				SDKROOT = appletvos;
				SWIFT_VERSION = 5.0;
				TARGETED_DEVICE_FAMILY = 3;
				TVOS_DEPLOYMENT_TARGET = 14.3;
			};
			name = Release;
		};
/* End XCBuildConfiguration section */

/* Begin XCConfigurationList section */
		417790C1260FA2A600642589 /* Build configuration list for PBXProject "KurosAdventure" */ = {
			isa = XCConfigurationList;
			buildConfigurations = (
				417790EE260FA2A700642589 /* Debug */,
				417790EF260FA2A700642589 /* Release */,
			);
			defaultConfigurationIsVisible = 0;
			defaultConfigurationName = Release;
		};
		417790F0260FA2A700642589 /* Build configuration list for PBXNativeTarget "KurosAdventure (iOS)" */ = {
			isa = XCConfigurationList;
			buildConfigurations = (
				417790F1260FA2A700642589 /* Debug */,
				417790F2260FA2A700642589 /* Release */,
			);
			defaultConfigurationIsVisible = 0;
			defaultConfigurationName = Release;
		};
		41779127260FA2FE00642589 /* Build configuration list for PBXNativeTarget "KurosAdventure (macOS)" */ = {
			isa = XCConfigurationList;
			buildConfigurations = (
				41779128260FA2FE00642589 /* Debug */,
				41779129260FA2FE00642589 /* Release */,
			);
			defaultConfigurationIsVisible = 0;
			defaultConfigurationName = Release;
		};
		41779173260FA39000642589 /* Build configuration list for PBXNativeTarget "KurosAdventure (tvOS)" */ = {
			isa = XCConfigurationList;
			buildConfigurations = (
				41779174260FA39000642589 /* Debug */,
				41779175260FA39000642589 /* Release */,
			);
			defaultConfigurationIsVisible = 0;
			defaultConfigurationName = Release;
		};
/* End XCConfigurationList section */

/* Begin XCRemoteSwiftPackageReference section */
		41779197260FA53400642589 /* XCRemoteSwiftPackageReference "Glide" */ = {
			isa = XCRemoteSwiftPackageReference;
			repositoryURL = "https://github.com/cocoatoucher/Glide";
			requirement = {
				kind = upToNextMajorVersion;
				minimumVersion = 1.1.0;
			};
		};
/* End XCRemoteSwiftPackageReference section */

/* Begin XCSwiftPackageProductDependency section */
		41779198260FA53400642589 /* GlideEngine */ = {
			isa = XCSwiftPackageProductDependency;
			package = 41779197260FA53400642589 /* XCRemoteSwiftPackageReference "Glide" */;
			productName = GlideEngine;
		};
		417791AF260FA6F100642589 /* GlideEngine */ = {
			isa = XCSwiftPackageProductDependency;
			package = 41779197260FA53400642589 /* XCRemoteSwiftPackageReference "Glide" */;
			productName = GlideEngine;
		};
		417791B1260FA6F400642589 /* GlideEngine */ = {
			isa = XCSwiftPackageProductDependency;
			package = 41779197260FA53400642589 /* XCRemoteSwiftPackageReference "Glide" */;
			productName = GlideEngine;
		};
/* End XCSwiftPackageProductDependency section */
	};
	rootObject = 417790BE260FA2A600642589 /* Project object */;
}
