// !$*UTF8*$!
{
	archiveVersion = 1;
	classes = {
	};
	objectVersion = 50;
	objects = {

/* Begin PBXBuildFile section */
		417790CA260FA2A600642589 /* AppDelegate.swift in Sources */ = {isa = PBXBuildFile; fileRef = 417790C9260FA2A600642589 /* AppDelegate.swift */; };
		417790CC260FA2A600642589 /* SceneDelegate.swift in Sources */ = {isa = PBXBuildFile; fileRef = 417790CB260FA2A600642589 /* SceneDelegate.swift */; };
		417790CE260FA2A600642589 /* ViewController.swift in Sources */ = {isa = PBXBuildFile; fileRef = 417790CD260FA2A600642589 /* ViewController.swift */; };
		417790D1260FA2A600642589 /* Main.storyboard in Resources */ = {isa = PBXBuildFile; fileRef = 417790CF260FA2A600642589 /* Main.storyboard */; };
		417790D3260FA2A700642589 /* Assets.xcassets in Resources */ = {isa = PBXBuildFile; fileRef = 417790D2260FA2A700642589 /* Assets.xcassets */; };
		417790D6260FA2A700642589 /* LaunchScreen.storyboard in Resources */ = {isa = PBXBuildFile; fileRef = 417790D4260FA2A700642589 /* LaunchScreen.storyboard */; };
		41779107260FA2FD00642589 /* AppDelegate.swift in Sources */ = {isa = PBXBuildFile; fileRef = 41779106260FA2FD00642589 /* AppDelegate.swift */; };
		41779109260FA2FD00642589 /* ViewController.swift in Sources */ = {isa = PBXBuildFile; fileRef = 41779108260FA2FD00642589 /* ViewController.swift */; };
		4177910B260FA2FE00642589 /* Assets.xcassets in Resources */ = {isa = PBXBuildFile; fileRef = 4177910A260FA2FE00642589 /* Assets.xcassets */; };
		4177910E260FA2FE00642589 /* Main.storyboard in Resources */ = {isa = PBXBuildFile; fileRef = 4177910C260FA2FE00642589 /* Main.storyboard */; };
		41779167260FA38F00642589 /* AppDelegate.swift in Sources */ = {isa = PBXBuildFile; fileRef = 41779166260FA38F00642589 /* AppDelegate.swift */; };
		41779169260FA38F00642589 /* ViewController.swift in Sources */ = {isa = PBXBuildFile; fileRef = 41779168260FA38F00642589 /* ViewController.swift */; };
		4177916C260FA38F00642589 /* Main.storyboard in Resources */ = {isa = PBXBuildFile; fileRef = 4177916A260FA38F00642589 /* Main.storyboard */; };
		4177916E260FA39000642589 /* Assets.xcassets in Resources */ = {isa = PBXBuildFile; fileRef = 4177916D260FA39000642589 /* Assets.xcassets */; };
		41779171260FA39000642589 /* LaunchScreen.storyboard in Resources */ = {isa = PBXBuildFile; fileRef = 4177916F260FA39000642589 /* LaunchScreen.storyboard */; };
/* End PBXBuildFile section */

/* Begin PBXFileReference section */
		417790C6260FA2A600642589 /* KurosAdventure (iOS).app */ = {isa = PBXFileReference; explicitFileType = wrapper.application; includeInIndex = 0; path = "KurosAdventure (iOS).app"; sourceTree = BUILT_PRODUCTS_DIR; };
		417790C9260FA2A600642589 /* AppDelegate.swift */ = {isa = PBXFileReference; lastKnownFileType = sourcecode.swift; path = AppDelegate.swift; sourceTree = "<group>"; };
		417790CB260FA2A600642589 /* SceneDelegate.swift */ = {isa = PBXFileReference; lastKnownFileType = sourcecode.swift; path = SceneDelegate.swift; sourceTree = "<group>"; };
		417790CD260FA2A600642589 /* ViewController.swift */ = {isa = PBXFileReference; lastKnownFileType = sourcecode.swift; path = ViewController.swift; sourceTree = "<group>"; };
		417790D0260FA2A600642589 /* Base */ = {isa = PBXFileReference; lastKnownFileType = file.storyboard; name = Base; path = Base.lproj/Main.storyboard; sourceTree = "<group>"; };
		417790D2260FA2A700642589 /* Assets.xcassets */ = {isa = PBXFileReference; lastKnownFileType = folder.assetcatalog; path = Assets.xcassets; sourceTree = "<group>"; };
		417790D5260FA2A700642589 /* Base */ = {isa = PBXFileReference; lastKnownFileType = file.storyboard; name = Base; path = Base.lproj/LaunchScreen.storyboard; sourceTree = "<group>"; };
		417790D7260FA2A700642589 /* Info.plist */ = {isa = PBXFileReference; lastKnownFileType = text.plist.xml; path = Info.plist; sourceTree = "<group>"; };
		41779104260FA2FD00642589 /* KurosAdventure (macOS).app */ = {isa = PBXFileReference; explicitFileType = wrapper.application; includeInIndex = 0; path = "KurosAdventure (macOS).app"; sourceTree = BUILT_PRODUCTS_DIR; };
		41779106260FA2FD00642589 /* AppDelegate.swift */ = {isa = PBXFileReference; lastKnownFileType = sourcecode.swift; path = AppDelegate.swift; sourceTree = "<group>"; };
		41779108260FA2FD00642589 /* ViewController.swift */ = {isa = PBXFileReference; lastKnownFileType = sourcecode.swift; path = ViewController.swift; sourceTree = "<group>"; };
		4177910A260FA2FE00642589 /* Assets.xcassets */ = {isa = PBXFileReference; lastKnownFileType = folder.assetcatalog; path = Assets.xcassets; sourceTree = "<group>"; };
		4177910D260FA2FE00642589 /* Base */ = {isa = PBXFileReference; lastKnownFileType = file.storyboard; name = Base; path = Base.lproj/Main.storyboard; sourceTree = "<group>"; };
		4177910F260FA2FE00642589 /* Info.plist */ = {isa = PBXFileReference; lastKnownFileType = text.plist.xml; path = Info.plist; sourceTree = "<group>"; };
		41779110260FA2FE00642589 /* KurosAdventure.entitlements */ = {isa = PBXFileReference; lastKnownFileType = text.plist.entitlements; path = KurosAdventure.entitlements; sourceTree = "<group>"; };
		41779164260FA38F00642589 /* KurosAdventure (tvOS).app */ = {isa = PBXFileReference; explicitFileType = wrapper.application; includeInIndex = 0; path = "KurosAdventure (tvOS).app"; sourceTree = BUILT_PRODUCTS_DIR; };
		41779166260FA38F00642589 /* AppDelegate.swift */ = {isa = PBXFileReference; lastKnownFileType = sourcecode.swift; path = AppDelegate.swift; sourceTree = "<group>"; };
		41779168260FA38F00642589 /* ViewController.swift */ = {isa = PBXFileReference; lastKnownFileType = sourcecode.swift; path = ViewController.swift; sourceTree = "<group>"; };
		4177916B260FA38F00642589 /* Base */ = {isa = PBXFileReference; lastKnownFileType = file.storyboard; name = Base; path = Base.lproj/Main.storyboard; sourceTree = "<group>"; };
		4177916D260FA39000642589 /* Assets.xcassets */ = {isa = PBXFileReference; lastKnownFileType = folder.assetcatalog; path = Assets.xcassets; sourceTree = "<group>"; };
		41779170260FA39000642589 /* Base */ = {isa = PBXFileReference; lastKnownFileType = file.storyboard; name = Base; path = Base.lproj/LaunchScreen.storyboard; sourceTree = "<group>"; };
		41779172260FA39000642589 /* Info.plist */ = {isa = PBXFileReference; lastKnownFileType = text.plist.xml; path = Info.plist; sourceTree = "<group>"; };
/* End PBXFileReference section */

/* Begin PBXFrameworksBuildPhase section */
		417790C3260FA2A600642589 /* Frameworks */ = {
			isa = PBXFrameworksBuildPhase;
			buildActionMask = 2147483647;
			files = (
			);
			runOnlyForDeploymentPostprocessing = 0;
		};
		41779101260FA2FD00642589 /* Frameworks */ = {
			isa = PBXFrameworksBuildPhase;
			buildActionMask = 2147483647;
			files = (
			);
			runOnlyForDeploymentPostprocessing = 0;
		};
		41779161260FA38F00642589 /* Frameworks */ = {
			isa = PBXFrameworksBuildPhase;
			buildActionMask = 2147483647;
			files = (
			);
			runOnlyForDeploymentPostprocessing = 0;
		};
/* End PBXFrameworksBuildPhase section */

/* Begin PBXGroup section */
		417790BD260FA2A600642589 = {
			isa = PBXGroup;
			children = (
				417790FF260FA2C800642589 /* Shared */,
				417790FE260FA2BB00642589 /* macOS */,
				417790FC260FA2B100642589 /* iOS */,
				41779165260FA38F00642589 /* tvOS */,
				417790C7260FA2A600642589 /* Products */,
			);
			sourceTree = "<group>";
		};
		417790C7260FA2A600642589 /* Products */ = {
			isa = PBXGroup;
			children = (
				417790C6260FA2A600642589 /* KurosAdventure (iOS).app */,
				41779104260FA2FD00642589 /* KurosAdventure (macOS).app */,
				41779164260FA38F00642589 /* KurosAdventure (tvOS).app */,
			);
			name = Products;
			sourceTree = "<group>";
		};
		417790FC260FA2B100642589 /* iOS */ = {
			isa = PBXGroup;
			children = (
				417790D7260FA2A700642589 /* Info.plist */,
				417790CF260FA2A600642589 /* Main.storyboard */,
				417790D4260FA2A700642589 /* LaunchScreen.storyboard */,
				417790C9260FA2A600642589 /* AppDelegate.swift */,
				417790CB260FA2A600642589 /* SceneDelegate.swift */,
				417790CD260FA2A600642589 /* ViewController.swift */,
			);
			path = iOS;
			sourceTree = "<group>";
		};
		417790FE260FA2BB00642589 /* macOS */ = {
			isa = PBXGroup;
			children = (
				41779106260FA2FD00642589 /* AppDelegate.swift */,
				41779108260FA2FD00642589 /* ViewController.swift */,
				4177910A260FA2FE00642589 /* Assets.xcassets */,
				4177910C260FA2FE00642589 /* Main.storyboard */,
				4177910F260FA2FE00642589 /* Info.plist */,
				41779110260FA2FE00642589 /* KurosAdventure.entitlements */,
			);
			path = macOS;
			sourceTree = "<group>";
		};
		417790FF260FA2C800642589 /* Shared */ = {
			isa = PBXGroup;
			children = (
				417790D2260FA2A700642589 /* Assets.xcassets */,
			);
			path = Shared;
			sourceTree = "<group>";
		};
		41779165260FA38F00642589 /* tvOS */ = {
			isa = PBXGroup;
			children = (
				41779166260FA38F00642589 /* AppDelegate.swift */,
				41779168260FA38F00642589 /* ViewController.swift */,
				4177916A260FA38F00642589 /* Main.storyboard */,
				4177916D260FA39000642589 /* Assets.xcassets */,
				4177916F260FA39000642589 /* LaunchScreen.storyboard */,
				41779172260FA39000642589 /* Info.plist */,
			);
			path = tvOS;
			sourceTree = "<group>";
		};
/* End PBXGroup section */

/* Begin PBXNativeTarget section */
		417790C5260FA2A600642589 /* KurosAdventure (iOS) */ = {
			isa = PBXNativeTarget;
			buildConfigurationList = 417790F0260FA2A700642589 /* Build configuration list for PBXNativeTarget "KurosAdventure (iOS)" */;
			buildPhases = (
				417790C2260FA2A600642589 /* Sources */,
				417790C3260FA2A600642589 /* Frameworks */,
				417790C4260FA2A600642589 /* Resources */,
			);
			buildRules = (
			);
			dependencies = (
			);
			name = "KurosAdventure (iOS)";
			productName = KurosAdventure;
			productReference = 417790C6260FA2A600642589 /* KurosAdventure (iOS).app */;
			productType = "com.apple.product-type.application";
		};
		41779103260FA2FD00642589 /* KurosAdventure (macOS) */ = {
			isa = PBXNativeTarget;
			buildConfigurationList = 41779127260FA2FE00642589 /* Build configuration list for PBXNativeTarget "KurosAdventure (macOS)" */;
			buildPhases = (
				41779100260FA2FD00642589 /* Sources */,
				41779101260FA2FD00642589 /* Frameworks */,
				41779102260FA2FD00642589 /* Resources */,
			);
			buildRules = (
			);
			dependencies = (
			);
			name = "KurosAdventure (macOS)";
			productName = KurosAdventure;
			productReference = 41779104260FA2FD00642589 /* KurosAdventure (macOS).app */;
			productType = "com.apple.product-type.application";
		};
		41779163260FA38F00642589 /* KurosAdventure (tvOS) */ = {
			isa = PBXNativeTarget;
			buildConfigurationList = 41779173260FA39000642589 /* Build configuration list for PBXNativeTarget "KurosAdventure (tvOS)" */;
			buildPhases = (
				41779160260FA38F00642589 /* Sources */,
				41779161260FA38F00642589 /* Frameworks */,
				41779162260FA38F00642589 /* Resources */,
			);
			buildRules = (
			);
			dependencies = (
			);
			name = "KurosAdventure (tvOS)";
			productName = KurosAdventure;
			productReference = 41779164260FA38F00642589 /* KurosAdventure (tvOS).app */;
			productType = "com.apple.product-type.application";
		};
/* End PBXNativeTarget section */

/* Begin PBXProject section */
		417790BE260FA2A600642589 /* Project object */ = {
			isa = PBXProject;
			attributes = {
				LastSwiftUpdateCheck = 1230;
				LastUpgradeCheck = 1230;
				TargetAttributes = {
					417790C5260FA2A600642589 = {
						CreatedOnToolsVersion = 12.3;
					};
					41779103260FA2FD00642589 = {
						CreatedOnToolsVersion = 12.3;
					};
					41779163260FA38F00642589 = {
						CreatedOnToolsVersion = 12.3;
					};
				};
			};
			buildConfigurationList = 417790C1260FA2A600642589 /* Build configuration list for PBXProject "KurosAdventure" */;
			compatibilityVersion = "Xcode 9.3";
			developmentRegion = en;
			hasScannedForEncodings = 0;
			knownRegions = (
				en,
				Base,
			);
			mainGroup = 417790BD260FA2A600642589;
			productRefGroup = 417790C7260FA2A600642589 /* Products */;
			projectDirPath = "";
			projectRoot = "";
			targets = (
				417790C5260FA2A600642589 /* KurosAdventure (iOS) */,
				41779103260FA2FD00642589 /* KurosAdventure (macOS) */,
				41779163260FA38F00642589 /* KurosAdventure (tvOS) */,
			);
		};
/* End PBXProject section */

/* Begin PBXResourcesBuildPhase section */
		417790C4260FA2A600642589 /* Resources */ = {
			isa = PBXResourcesBuildPhase;
			buildActionMask = 2147483647;
			files = (
				417790D6260FA2A700642589 /* LaunchScreen.storyboard in Resources */,
				417790D3260FA2A700642589 /* Assets.xcassets in Resources */,
				417790D1260FA2A600642589 /* Main.storyboard in Resources */,
			);
			runOnlyForDeploymentPostprocessing = 0;
		};
		41779102260FA2FD00642589 /* Resources */ = {
			isa = PBXResourcesBuildPhase;
			buildActionMask = 2147483647;
			files = (
				4177910B260FA2FE00642589 /* Assets.xcassets in Resources */,
				4177910E260FA2FE00642589 /* Main.storyboard in Resources */,
			);
			runOnlyForDeploymentPostprocessing = 0;
		};
		41779162260FA38F00642589 /* Resources */ = {
			isa = PBXResourcesBuildPhase;
			buildActionMask = 2147483647;
			files = (
				41779171260FA39000642589 /* LaunchScreen.storyboard in Resources */,
				4177916E260FA39000642589 /* Assets.xcassets in Resources */,
				4177916C260FA38F00642589 /* Main.storyboard in Resources */,
			);
			runOnlyForDeploymentPostprocessing = 0;
		};
/* End PBXResourcesBuildPhase section */

/* Begin PBXSourcesBuildPhase section */
		417790C2260FA2A600642589 /* Sources */ = {
			isa = PBXSourcesBuildPhase;
			buildActionMask = 2147483647;
			files = (
				417790CE260FA2A600642589 /* ViewController.swift in Sources */,
				417790CA260FA2A600642589 /* AppDelegate.swift in Sources */,
				417790CC260FA2A600642589 /* SceneDelegate.swift in Sources */,
			);
			runOnlyForDeploymentPostprocessing = 0;
		};
		41779100260FA2FD00642589 /* Sources */ = {
			isa = PBXSourcesBuildPhase;
			buildActionMask = 2147483647;
			files = (
				41779109260FA2FD00642589 /* ViewController.swift in Sources */,
				41779107260FA2FD00642589 /* AppDelegate.swift in Sources */,
			);
			runOnlyForDeploymentPostprocessing = 0;
		};
		41779160260FA38F00642589 /* Sources */ = {
			isa = PBXSourcesBuildPhase;
			buildActionMask = 2147483647;
			files = (
				41779169260FA38F00642589 /* ViewController.swift in Sources */,
				41779167260FA38F00642589 /* AppDelegate.swift in Sources */,
			);
			runOnlyForDeploymentPostprocessing = 0;
		};
/* End PBXSourcesBuildPhase section */

/* Begin PBXVariantGroup section */
		417790CF260FA2A600642589 /* Main.storyboard */ = {
			isa = PBXVariantGroup;
			children = (
				417790D0260FA2A600642589 /* Base */,
			);
			name = Main.storyboard;
			sourceTree = "<group>";
		};
		417790D4260FA2A700642589 /* LaunchScreen.storyboard */ = {
			isa = PBXVariantGroup;
			children = (
				417790D5260FA2A700642589 /* Base */,
			);
			name = LaunchScreen.storyboard;
			sourceTree = "<group>";
		};
		4177910C260FA2FE00642589 /* Main.storyboard */ = {
			isa = PBXVariantGroup;
			children = (
				4177910D260FA2FE00642589 /* Base */,
			);
			name = Main.storyboard;
			sourceTree = "<group>";
		};
		4177916A260FA38F00642589 /* Main.storyboard */ = {
			isa = PBXVariantGroup;
			children = (
				4177916B260FA38F00642589 /* Base */,
			);
			name = Main.storyboard;
			sourceTree = "<group>";
		};
		4177916F260FA39000642589 /* LaunchScreen.storyboard */ = {
			isa = PBXVariantGroup;
			children = (
				41779170260FA39000642589 /* Base */,
			);
			name = LaunchScreen.storyboard;
			sourceTree = "<group>";
		};
/* End PBXVariantGroup section */

/* Begin XCBuildConfiguration section */
		417790EE260FA2A700642589 /* Debug */ = {
			isa = XCBuildConfiguration;
			buildSettings = {
				ALWAYS_SEARCH_USER_PATHS = NO;
				CLANG_ANALYZER_NONNULL = YES;
				CLANG_ANALYZER_NUMBER_OBJECT_CONVERSION = YES_AGGRESSIVE;
				CLANG_CXX_LANGUAGE_STANDARD = "gnu++14";
				CLANG_CXX_LIBRARY = "libc++";
				CLANG_ENABLE_MODULES = YES;
				CLANG_ENABLE_OBJC_ARC = YES;
				CLANG_ENABLE_OBJC_WEAK = YES;
				CLANG_WARN_BLOCK_CAPTURE_AUTORELEASING = YES;
				CLANG_WARN_BOOL_CONVERSION = YES;
				CLANG_WARN_COMMA = YES;
				CLANG_WARN_CONSTANT_CONVERSION = YES;
				CLANG_WARN_DEPRECATED_OBJC_IMPLEMENTATIONS = YES;
				CLANG_WARN_DIRECT_OBJC_ISA_USAGE = YES_ERROR;
				CLANG_WARN_DOCUMENTATION_COMMENTS = YES;
				CLANG_WARN_EMPTY_BODY = YES;
				CLANG_WARN_ENUM_CONVERSION = YES;
				CLANG_WARN_INFINITE_RECURSION = YES;
				CLANG_WARN_INT_CONVERSION = YES;
				CLANG_WARN_NON_LITERAL_NULL_CONVERSION = YES;
				CLANG_WARN_OBJC_IMPLICIT_RETAIN_SELF = YES;
				CLANG_WARN_OBJC_LITERAL_CONVERSION = YES;
				CLANG_WARN_OBJC_ROOT_CLASS = YES_ERROR;
				CLANG_WARN_QUOTED_INCLUDE_IN_FRAMEWORK_HEADER = YES;
				CLANG_WARN_RANGE_LOOP_ANALYSIS = YES;
				CLANG_WARN_STRICT_PROTOTYPES = YES;
				CLANG_WARN_SUSPICIOUS_MOVE = YES;
				CLANG_WARN_UNGUARDED_AVAILABILITY = YES_AGGRESSIVE;
				CLANG_WARN_UNREACHABLE_CODE = YES;
				CLANG_WARN__DUPLICATE_METHOD_MATCH = YES;
				COPY_PHASE_STRIP = NO;
				DEBUG_INFORMATION_FORMAT = dwarf;
				ENABLE_STRICT_OBJC_MSGSEND = YES;
				ENABLE_TESTABILITY = YES;
				GCC_C_LANGUAGE_STANDARD = gnu11;
				GCC_DYNAMIC_NO_PIC = NO;
				GCC_NO_COMMON_BLOCKS = YES;
				GCC_OPTIMIZATION_LEVEL = 0;
				GCC_PREPROCESSOR_DEFINITIONS = (
					"DEBUG=1",
					"$(inherited)",
				);
				GCC_WARN_64_TO_32_BIT_CONVERSION = YES;
				GCC_WARN_ABOUT_RETURN_TYPE = YES_ERROR;
				GCC_WARN_UNDECLARED_SELECTOR = YES;
				GCC_WARN_UNINITIALIZED_AUTOS = YES_AGGRESSIVE;
				GCC_WARN_UNUSED_FUNCTION = YES;
				GCC_WARN_UNUSED_VARIABLE = YES;
				IPHONEOS_DEPLOYMENT_TARGET = 14.3;
				MTL_ENABLE_DEBUG_INFO = INCLUDE_SOURCE;
				MTL_FAST_MATH = YES;
				ONLY_ACTIVE_ARCH = YES;
				SDKROOT = iphoneos;
				SWIFT_ACTIVE_COMPILATION_CONDITIONS = DEBUG;
				SWIFT_OPTIMIZATION_LEVEL = "-Onone";
			};
			name = Debug;
		};
		417790EF260FA2A700642589 /* Release */ = {
			isa = XCBuildConfiguration;
			buildSettings = {
				ALWAYS_SEARCH_USER_PATHS = NO;
				CLANG_ANALYZER_NONNULL = YES;
				CLANG_ANALYZER_NUMBER_OBJECT_CONVERSION = YES_AGGRESSIVE;
				CLANG_CXX_LANGUAGE_STANDARD = "gnu++14";
				CLANG_CXX_LIBRARY = "libc++";
				CLANG_ENABLE_MODULES = YES;
				CLANG_ENABLE_OBJC_ARC = YES;
				CLANG_ENABLE_OBJC_WEAK = YES;
				CLANG_WARN_BLOCK_CAPTURE_AUTORELEASING = YES;
				CLANG_WARN_BOOL_CONVERSION = YES;
				CLANG_WARN_COMMA = YES;
				CLANG_WARN_CONSTANT_CONVERSION = YES;
				CLANG_WARN_DEPRECATED_OBJC_IMPLEMENTATIONS = YES;
				CLANG_WARN_DIRECT_OBJC_ISA_USAGE = YES_ERROR;
				CLANG_WARN_DOCUMENTATION_COMMENTS = YES;
				CLANG_WARN_EMPTY_BODY = YES;
				CLANG_WARN_ENUM_CONVERSION = YES;
				CLANG_WARN_INFINITE_RECURSION = YES;
				CLANG_WARN_INT_CONVERSION = YES;
				CLANG_WARN_NON_LITERAL_NULL_CONVERSION = YES;
				CLANG_WARN_OBJC_IMPLICIT_RETAIN_SELF = YES;
				CLANG_WARN_OBJC_LITERAL_CONVERSION = YES;
				CLANG_WARN_OBJC_ROOT_CLASS = YES_ERROR;
				CLANG_WARN_QUOTED_INCLUDE_IN_FRAMEWORK_HEADER = YES;
				CLANG_WARN_RANGE_LOOP_ANALYSIS = YES;
				CLANG_WARN_STRICT_PROTOTYPES = YES;
				CLANG_WARN_SUSPICIOUS_MOVE = YES;
				CLANG_WARN_UNGUARDED_AVAILABILITY = YES_AGGRESSIVE;
				CLANG_WARN_UNREACHABLE_CODE = YES;
				CLANG_WARN__DUPLICATE_METHOD_MATCH = YES;
				COPY_PHASE_STRIP = NO;
				DEBUG_INFORMATION_FORMAT = "dwarf-with-dsym";
				ENABLE_NS_ASSERTIONS = NO;
				ENABLE_STRICT_OBJC_MSGSEND = YES;
				GCC_C_LANGUAGE_STANDARD = gnu11;
				GCC_NO_COMMON_BLOCKS = YES;
				GCC_WARN_64_TO_32_BIT_CONVERSION = YES;
				GCC_WARN_ABOUT_RETURN_TYPE = YES_ERROR;
				GCC_WARN_UNDECLARED_SELECTOR = YES;
				GCC_WARN_UNINITIALIZED_AUTOS = YES_AGGRESSIVE;
				GCC_WARN_UNUSED_FUNCTION = YES;
				GCC_WARN_UNUSED_VARIABLE = YES;
				IPHONEOS_DEPLOYMENT_TARGET = 14.3;
				MTL_ENABLE_DEBUG_INFO = NO;
				MTL_FAST_MATH = YES;
				SDKROOT = iphoneos;
				SWIFT_COMPILATION_MODE = wholemodule;
				SWIFT_OPTIMIZATION_LEVEL = "-O";
				VALIDATE_PRODUCT = YES;
			};
			name = Release;
		};
		417790F1260FA2A700642589 /* Debug */ = {
			isa = XCBuildConfiguration;
			buildSettings = {
				ASSETCATALOG_COMPILER_APPICON_NAME = AppIcon;
				ASSETCATALOG_COMPILER_GLOBAL_ACCENT_COLOR_NAME = AccentColor;
				CODE_SIGN_STYLE = Automatic;
				DEVELOPMENT_TEAM = L5GKNB78UR;
				INFOPLIST_FILE = iOS/Info.plist;
				LD_RUNPATH_SEARCH_PATHS = (
					"$(inherited)",
					"@executable_path/Frameworks",
				);
				PRODUCT_BUNDLE_IDENTIFIER = com.summitisland.KurosAdventure;
				PRODUCT_NAME = "$(TARGET_NAME)";
				SWIFT_VERSION = 5.0;
				TARGETED_DEVICE_FAMILY = "1,2";
			};
			name = Debug;
		};
		417790F2260FA2A700642589 /* Release */ = {
			isa = XCBuildConfiguration;
			buildSettings = {
				ASSETCATALOG_COMPILER_APPICON_NAME = AppIcon;
				ASSETCATALOG_COMPILER_GLOBAL_ACCENT_COLOR_NAME = AccentColor;
				CODE_SIGN_STYLE = Automatic;
				DEVELOPMENT_TEAM = L5GKNB78UR;
				INFOPLIST_FILE = iOS/Info.plist;
				LD_RUNPATH_SEARCH_PATHS = (
					"$(inherited)",
					"@executable_path/Frameworks",
				);
				PRODUCT_BUNDLE_IDENTIFIER = com.summitisland.KurosAdventure;
				PRODUCT_NAME = "$(TARGET_NAME)";
				SWIFT_VERSION = 5.0;
				TARGETED_DEVICE_FAMILY = "1,2";
			};
			name = Release;
		};
		41779128260FA2FE00642589 /* Debug */ = {
			isa = XCBuildConfiguration;
			buildSettings = {
				ASSETCATALOG_COMPILER_APPICON_NAME = AppIcon;
				ASSETCATALOG_COMPILER_GLOBAL_ACCENT_COLOR_NAME = AccentColor;
				CODE_SIGN_ENTITLEMENTS = macOS/KurosAdventure.entitlements;
				CODE_SIGN_STYLE = Automatic;
				COMBINE_HIDPI_IMAGES = YES;
				DEVELOPMENT_TEAM = L5GKNB78UR;
				ENABLE_HARDENED_RUNTIME = YES;
				INFOPLIST_FILE = macOS/Info.plist;
				LD_RUNPATH_SEARCH_PATHS = (
					"$(inherited)",
					"@executable_path/../Frameworks",
				);
				MACOSX_DEPLOYMENT_TARGET = 11.1;
				PRODUCT_BUNDLE_IDENTIFIER = com.summitisland.KurosAdventure;
				PRODUCT_NAME = "$(TARGET_NAME)";
				SDKROOT = macosx;
				SWIFT_VERSION = 5.0;
			};
			name = Debug;
		};
		41779129260FA2FE00642589 /* Release */ = {
			isa = XCBuildConfiguration;
			buildSettings = {
				ASSETCATALOG_COMPILER_APPICON_NAME = AppIcon;
				ASSETCATALOG_COMPILER_GLOBAL_ACCENT_COLOR_NAME = AccentColor;
				CODE_SIGN_ENTITLEMENTS = macOS/KurosAdventure.entitlements;
				CODE_SIGN_STYLE = Automatic;
				COMBINE_HIDPI_IMAGES = YES;
				DEVELOPMENT_TEAM = L5GKNB78UR;
				ENABLE_HARDENED_RUNTIME = YES;
				INFOPLIST_FILE = macOS/Info.plist;
				LD_RUNPATH_SEARCH_PATHS = (
					"$(inherited)",
					"@executable_path/../Frameworks",
				);
				MACOSX_DEPLOYMENT_TARGET = 11.1;
				PRODUCT_BUNDLE_IDENTIFIER = com.summitisland.KurosAdventure;
				PRODUCT_NAME = "$(TARGET_NAME)";
				SDKROOT = macosx;
				SWIFT_VERSION = 5.0;
			};
			name = Release;
		};
		41779174260FA39000642589 /* Debug */ = {
			isa = XCBuildConfiguration;
			buildSettings = {
				ASSETCATALOG_COMPILER_APPICON_NAME = "App Icon & Top Shelf Image";
				ASSETCATALOG_COMPILER_GLOBAL_ACCENT_COLOR_NAME = AccentColor;
				CODE_SIGN_STYLE = Automatic;
				DEVELOPMENT_TEAM = L5GKNB78UR;
				INFOPLIST_FILE = tvOS/Info.plist;
				LD_RUNPATH_SEARCH_PATHS = (
					"$(inherited)",
					"@executable_path/Frameworks",
				);
				PRODUCT_BUNDLE_IDENTIFIER = com.summitisland.KurosAdventure;
				PRODUCT_NAME = "$(TARGET_NAME)";
				SDKROOT = appletvos;
				SWIFT_VERSION = 5.0;
				TARGETED_DEVICE_FAMILY = 3;
				TVOS_DEPLOYMENT_TARGET = 14.3;
			};
			name = Debug;
		};
		41779175260FA39000642589 /* Release */ = {
			isa = XCBuildConfiguration;
			buildSettings = {
				ASSETCATALOG_COMPILER_APPICON_NAME = "App Icon & Top Shelf Image";
				ASSETCATALOG_COMPILER_GLOBAL_ACCENT_COLOR_NAME = AccentColor;
				CODE_SIGN_STYLE = Automatic;
				DEVELOPMENT_TEAM = L5GKNB78UR;
				INFOPLIST_FILE = tvOS/Info.plist;
				LD_RUNPATH_SEARCH_PATHS = (
					"$(inherited)",
					"@executable_path/Frameworks",
				);
				PRODUCT_BUNDLE_IDENTIFIER = com.summitisland.KurosAdventure;
				PRODUCT_NAME = "$(TARGET_NAME)";
				SDKROOT = appletvos;
				SWIFT_VERSION = 5.0;
				TARGETED_DEVICE_FAMILY = 3;
				TVOS_DEPLOYMENT_TARGET = 14.3;
			};
			name = Release;
		};
/* End XCBuildConfiguration section */

/* Begin XCConfigurationList section */
		417790C1260FA2A600642589 /* Build configuration list for PBXProject "KurosAdventure" */ = {
			isa = XCConfigurationList;
			buildConfigurations = (
				417790EE260FA2A700642589 /* Debug */,
				417790EF260FA2A700642589 /* Release */,
			);
			defaultConfigurationIsVisible = 0;
			defaultConfigurationName = Release;
		};
		417790F0260FA2A700642589 /* Build configuration list for PBXNativeTarget "KurosAdventure (iOS)" */ = {
			isa = XCConfigurationList;
			buildConfigurations = (
				417790F1260FA2A700642589 /* Debug */,
				417790F2260FA2A700642589 /* Release */,
			);
			defaultConfigurationIsVisible = 0;
			defaultConfigurationName = Release;
		};
		41779127260FA2FE00642589 /* Build configuration list for PBXNativeTarget "KurosAdventure (macOS)" */ = {
			isa = XCConfigurationList;
			buildConfigurations = (
				41779128260FA2FE00642589 /* Debug */,
				41779129260FA2FE00642589 /* Release */,
			);
			defaultConfigurationIsVisible = 0;
			defaultConfigurationName = Release;
		};
		41779173260FA39000642589 /* Build configuration list for PBXNativeTarget "KurosAdventure (tvOS)" */ = {
			isa = XCConfigurationList;
			buildConfigurations = (
				41779174260FA39000642589 /* Debug */,
				41779175260FA39000642589 /* Release */,
			);
			defaultConfigurationIsVisible = 0;
			defaultConfigurationName = Release;
		};
/* End XCConfigurationList section */
	};
	rootObject = 417790BE260FA2A600642589 /* Project object */;
}
